// !$*UTF8*$!
{
	archiveVersion = 1;
	classes = {
	};
	objectVersion = 51;
	objects = {

/* Begin PBXBuildFile section */
		A8373DDE239FCA0300BBC5BC /* DEFColors.swift in Sources */ = {isa = PBXBuildFile; fileRef = A8373DDD239FCA0300BBC5BC /* DEFColors.swift */; };
		A8373DE0239FCA3400BBC5BC /* MainHandler.swift in Sources */ = {isa = PBXBuildFile; fileRef = A8373DDF239FCA3400BBC5BC /* MainHandler.swift */; };
		A8373DE2239FCA5100BBC5BC /* VCMain.swift in Sources */ = {isa = PBXBuildFile; fileRef = A8373DE1239FCA5100BBC5BC /* VCMain.swift */; };
		A837D37623A22E57007AD209 /* FacebookCore.framework in Frameworks */ = {isa = PBXBuildFile; fileRef = A837D37523A22E57007AD209 /* FacebookCore.framework */; };
		A837D37723A22E57007AD209 /* FacebookCore.framework in Embed Frameworks */ = {isa = PBXBuildFile; fileRef = A837D37523A22E57007AD209 /* FacebookCore.framework */; settings = {ATTRIBUTES = (CodeSignOnCopy, RemoveHeadersOnCopy, ); }; };
		A837D37B23A22E7C007AD209 /* FacebookLogin.framework in Frameworks */ = {isa = PBXBuildFile; fileRef = A837D37A23A22E7C007AD209 /* FacebookLogin.framework */; };
		A837D37C23A22E7C007AD209 /* FacebookLogin.framework in Embed Frameworks */ = {isa = PBXBuildFile; fileRef = A837D37A23A22E7C007AD209 /* FacebookLogin.framework */; settings = {ATTRIBUTES = (CodeSignOnCopy, RemoveHeadersOnCopy, ); }; };
		A837D37E23A22E8A007AD209 /* FBSDKCoreKit.framework in Frameworks */ = {isa = PBXBuildFile; fileRef = A837D37D23A22E8A007AD209 /* FBSDKCoreKit.framework */; };
		A837D37F23A22E8A007AD209 /* FBSDKCoreKit.framework in Embed Frameworks */ = {isa = PBXBuildFile; fileRef = A837D37D23A22E8A007AD209 /* FBSDKCoreKit.framework */; settings = {ATTRIBUTES = (CodeSignOnCopy, RemoveHeadersOnCopy, ); }; };
		A837D38123A22E9A007AD209 /* FBSDKLoginKit.framework in Frameworks */ = {isa = PBXBuildFile; fileRef = A837D38023A22E9A007AD209 /* FBSDKLoginKit.framework */; };
		A837D38223A22E9A007AD209 /* FBSDKLoginKit.framework in Embed Frameworks */ = {isa = PBXBuildFile; fileRef = A837D38023A22E9A007AD209 /* FBSDKLoginKit.framework */; settings = {ATTRIBUTES = (CodeSignOnCopy, RemoveHeadersOnCopy, ); }; };
		A8C41BEE239F83FC0052E8CC /* DemoApplication.swift in Sources */ = {isa = PBXBuildFile; fileRef = A8C41BED239F83FC0052E8CC /* DemoApplication.swift */; };
		A8C41BF7239F83FD0052E8CC /* Assets.xcassets in Resources */ = {isa = PBXBuildFile; fileRef = A8C41BF6239F83FD0052E8CC /* Assets.xcassets */; };
		A8C41C02239F841E0052E8CC /* Default-568h@2x.png in Resources */ = {isa = PBXBuildFile; fileRef = A8C41C01239F841E0052E8CC /* Default-568h@2x.png */; };
/* End PBXBuildFile section */

/* Begin PBXCopyFilesBuildPhase section */
		A837D37823A22E57007AD209 /* Embed Frameworks */ = {
			isa = PBXCopyFilesBuildPhase;
			buildActionMask = 2147483647;
			dstPath = "";
			dstSubfolderSpec = 10;
			files = (
				A837D37C23A22E7C007AD209 /* FacebookLogin.framework in Embed Frameworks */,
				A837D37F23A22E8A007AD209 /* FBSDKCoreKit.framework in Embed Frameworks */,
				A837D38223A22E9A007AD209 /* FBSDKLoginKit.framework in Embed Frameworks */,
				A837D37723A22E57007AD209 /* FacebookCore.framework in Embed Frameworks */,
			);
			name = "Embed Frameworks";
			runOnlyForDeploymentPostprocessing = 0;
		};
/* End PBXCopyFilesBuildPhase section */

/* Begin PBXFileReference section */
		17902A6F3DE32B4BB19FA3B6 /* Pods-FacebookLogin.release.xcconfig */ = {isa = PBXFileReference; includeInIndex = 1; lastKnownFileType = text.xcconfig; name = "Pods-FacebookLogin.release.xcconfig"; path = "Target Support Files/Pods-FacebookLogin/Pods-FacebookLogin.release.xcconfig"; sourceTree = "<group>"; };
		450159FD0155A4D334176A0D /* Pods-FacebookLogin.debug.xcconfig */ = {isa = PBXFileReference; includeInIndex = 1; lastKnownFileType = text.xcconfig; name = "Pods-FacebookLogin.debug.xcconfig"; path = "Target Support Files/Pods-FacebookLogin/Pods-FacebookLogin.debug.xcconfig"; sourceTree = "<group>"; };
		A8373DDD239FCA0300BBC5BC /* DEFColors.swift */ = {isa = PBXFileReference; lastKnownFileType = sourcecode.swift; path = DEFColors.swift; sourceTree = "<group>"; };
		A8373DDF239FCA3400BBC5BC /* MainHandler.swift */ = {isa = PBXFileReference; lastKnownFileType = sourcecode.swift; path = MainHandler.swift; sourceTree = "<group>"; };
		A8373DE1239FCA5100BBC5BC /* VCMain.swift */ = {isa = PBXFileReference; lastKnownFileType = sourcecode.swift; path = VCMain.swift; sourceTree = "<group>"; };
		A837D37523A22E57007AD209 /* FacebookCore.framework */ = {isa = PBXFileReference; lastKnownFileType = wrapper.framework; name = FacebookCore.framework; path = "build/Debug-iphoneos/FacebookCore/FacebookCore.framework"; sourceTree = "<group>"; };
		A837D37A23A22E7C007AD209 /* FacebookLogin.framework */ = {isa = PBXFileReference; lastKnownFileType = wrapper.framework; name = FacebookLogin.framework; path = "build/Debug-iphoneos/FacebookLogin/FacebookLogin.framework"; sourceTree = "<group>"; };
		A837D37D23A22E8A007AD209 /* FBSDKCoreKit.framework */ = {isa = PBXFileReference; lastKnownFileType = wrapper.framework; name = FBSDKCoreKit.framework; path = "build/Debug-iphoneos/FBSDKCoreKit/FBSDKCoreKit.framework"; sourceTree = "<group>"; };
		A837D38023A22E9A007AD209 /* FBSDKLoginKit.framework */ = {isa = PBXFileReference; lastKnownFileType = wrapper.framework; name = FBSDKLoginKit.framework; path = "build/Debug-iphoneos/FBSDKLoginKit/FBSDKLoginKit.framework"; sourceTree = "<group>"; };
		A8C41BEA239F83FC0052E8CC /* FacebookLogin.app */ = {isa = PBXFileReference; explicitFileType = wrapper.application; includeInIndex = 0; path = FacebookLogin.app; sourceTree = BUILT_PRODUCTS_DIR; };
		A8C41BED239F83FC0052E8CC /* DemoApplication.swift */ = {isa = PBXFileReference; lastKnownFileType = sourcecode.swift; path = DemoApplication.swift; sourceTree = "<group>"; };
		A8C41BF6239F83FD0052E8CC /* Assets.xcassets */ = {isa = PBXFileReference; lastKnownFileType = folder.assetcatalog; path = Assets.xcassets; sourceTree = "<group>"; };
		A8C41BFB239F83FD0052E8CC /* Info.plist */ = {isa = PBXFileReference; lastKnownFileType = text.plist.xml; path = Info.plist; sourceTree = "<group>"; };
		A8C41C01239F841E0052E8CC /* Default-568h@2x.png */ = {isa = PBXFileReference; lastKnownFileType = image.png; path = "Default-568h@2x.png"; sourceTree = "<group>"; };
/* End PBXFileReference section */

/* Begin PBXFrameworksBuildPhase section */
		A8C41BE7239F83FC0052E8CC /* Frameworks */ = {
			isa = PBXFrameworksBuildPhase;
			buildActionMask = 2147483647;
			files = (
				A837D37B23A22E7C007AD209 /* FacebookLogin.framework in Frameworks */,
				A837D37E23A22E8A007AD209 /* FBSDKCoreKit.framework in Frameworks */,
				A837D38123A22E9A007AD209 /* FBSDKLoginKit.framework in Frameworks */,
				A837D37623A22E57007AD209 /* FacebookCore.framework in Frameworks */,
			);
			runOnlyForDeploymentPostprocessing = 0;
		};
/* End PBXFrameworksBuildPhase section */

/* Begin PBXGroup section */
		9A9BB703F0099AAF3666E01B /* Frameworks */ = {
			isa = PBXGroup;
			children = (
				A837D38023A22E9A007AD209 /* FBSDKLoginKit.framework */,
				A837D37D23A22E8A007AD209 /* FBSDKCoreKit.framework */,
				A837D37A23A22E7C007AD209 /* FacebookLogin.framework */,
				A837D37523A22E57007AD209 /* FacebookCore.framework */,
			);
			name = Frameworks;
			sourceTree = "<group>";
		};
		A8373DDA239FC96A00BBC5BC /* Definitions */ = {
			isa = PBXGroup;
			children = (
				A8373DDD239FCA0300BBC5BC /* DEFColors.swift */,
			);
			path = Definitions;
			sourceTree = "<group>";
		};
		A8373DDB239FC97A00BBC5BC /* ViewControllers */ = {
			isa = PBXGroup;
			children = (
				A8373DE1239FCA5100BBC5BC /* VCMain.swift */,
			);
			path = ViewControllers;
			sourceTree = "<group>";
		};
		A8373DDC239FC98500BBC5BC /* Handlers */ = {
			isa = PBXGroup;
			children = (
				A8373DDF239FCA3400BBC5BC /* MainHandler.swift */,
			);
			path = Handlers;
			sourceTree = "<group>";
		};
		A8C41BE1239F83FC0052E8CC = {
			isa = PBXGroup;
			children = (
				A8C41C01239F841E0052E8CC /* Default-568h@2x.png */,
				A8C41BEC239F83FC0052E8CC /* FacebookLogin */,
				A8C41BEB239F83FC0052E8CC /* Products */,
				EA5931430383E5FC3A289D86 /* Pods */,
				9A9BB703F0099AAF3666E01B /* Frameworks */,
			);
			sourceTree = "<group>";
		};
		A8C41BEB239F83FC0052E8CC /* Products */ = {
			isa = PBXGroup;
			children = (
				A8C41BEA239F83FC0052E8CC /* FacebookLogin.app */,
			);
			name = Products;
			sourceTree = "<group>";
		};
		A8C41BEC239F83FC0052E8CC /* FacebookLogin */ = {
			isa = PBXGroup;
			children = (
				A8373DDC239FC98500BBC5BC /* Handlers */,
				A8373DDB239FC97A00BBC5BC /* ViewControllers */,
				A8373DDA239FC96A00BBC5BC /* Definitions */,
				A8C41BED239F83FC0052E8CC /* DemoApplication.swift */,
				A8C41BF6239F83FD0052E8CC /* Assets.xcassets */,
				A8C41BFB239F83FD0052E8CC /* Info.plist */,
			);
			path = FacebookLogin;
			sourceTree = "<group>";
		};
		EA5931430383E5FC3A289D86 /* Pods */ = {
			isa = PBXGroup;
			children = (
				450159FD0155A4D334176A0D /* Pods-FacebookLogin.debug.xcconfig */,
				17902A6F3DE32B4BB19FA3B6 /* Pods-FacebookLogin.release.xcconfig */,
			);
			path = Pods;
			sourceTree = "<group>";
		};
/* End PBXGroup section */

/* Begin PBXNativeTarget section */
		A8C41BE9239F83FC0052E8CC /* FacebookLogin */ = {
			isa = PBXNativeTarget;
			buildConfigurationList = A8C41BFE239F83FD0052E8CC /* Build configuration list for PBXNativeTarget "FacebookLogin" */;
			buildPhases = (
				39D45108FE9C427B34DCD8B3 /* [CP] Check Pods Manifest.lock */,
				A8C41BE6239F83FC0052E8CC /* Sources */,
				A8C41BE7239F83FC0052E8CC /* Frameworks */,
				A8C41BE8239F83FC0052E8CC /* Resources */,
				261EA8BE364198FC73D13D39 /* [CP] Embed Pods Frameworks */,
				A837D37823A22E57007AD209 /* Embed Frameworks */,
			);
			buildRules = (
			);
			dependencies = (
			);
			name = FacebookLogin;
			productName = FacebookLogin;
			productReference = A8C41BEA239F83FC0052E8CC /* FacebookLogin.app */;
			productType = "com.apple.product-type.application";
		};
/* End PBXNativeTarget section */

/* Begin PBXProject section */
		A8C41BE2239F83FC0052E8CC /* Project object */ = {
			isa = PBXProject;
			attributes = {
				LastSwiftUpdateCheck = 1120;
				LastUpgradeCheck = 1120;
				ORGANIZATIONNAME = "Alexandr Kirilov";
				TargetAttributes = {
					A8C41BE9239F83FC0052E8CC = {
						CreatedOnToolsVersion = 11.2.1;
					};
				};
			};
			buildConfigurationList = A8C41BE5239F83FC0052E8CC /* Build configuration list for PBXProject "FacebookLogin" */;
			compatibilityVersion = "Xcode 9.3";
			developmentRegion = en;
			hasScannedForEncodings = 0;
			knownRegions = (
				en,
				Base,
			);
			mainGroup = A8C41BE1239F83FC0052E8CC;
			productRefGroup = A8C41BEB239F83FC0052E8CC /* Products */;
			projectDirPath = "";
			projectRoot = "";
			targets = (
				A8C41BE9239F83FC0052E8CC /* FacebookLogin */,
			);
		};
/* End PBXProject section */

/* Begin PBXResourcesBuildPhase section */
		A8C41BE8239F83FC0052E8CC /* Resources */ = {
			isa = PBXResourcesBuildPhase;
			buildActionMask = 2147483647;
			files = (
				A8C41C02239F841E0052E8CC /* Default-568h@2x.png in Resources */,
				A8C41BF7239F83FD0052E8CC /* Assets.xcassets in Resources */,
			);
			runOnlyForDeploymentPostprocessing = 0;
		};
/* End PBXResourcesBuildPhase section */

/* Begin PBXShellScriptBuildPhase section */
		261EA8BE364198FC73D13D39 /* [CP] Embed Pods Frameworks */ = {
			isa = PBXShellScriptBuildPhase;
			buildActionMask = 2147483647;
			files = (
			);
			inputFileListPaths = (
				"${PODS_ROOT}/Target Support Files/Pods-FacebookLogin/Pods-FacebookLogin-frameworks-${CONFIGURATION}-input-files.xcfilelist",
			);
			name = "[CP] Embed Pods Frameworks";
			outputFileListPaths = (
				"${PODS_ROOT}/Target Support Files/Pods-FacebookLogin/Pods-FacebookLogin-frameworks-${CONFIGURATION}-output-files.xcfilelist",
			);
			runOnlyForDeploymentPostprocessing = 0;
			shellPath = /bin/sh;
			shellScript = "\"${PODS_ROOT}/Target Support Files/Pods-FacebookLogin/Pods-FacebookLogin-frameworks.sh\"\n";
			showEnvVarsInLog = 0;
		};
		39D45108FE9C427B34DCD8B3 /* [CP] Check Pods Manifest.lock */ = {
			isa = PBXShellScriptBuildPhase;
			buildActionMask = 2147483647;
			files = (
			);
			inputFileListPaths = (
			);
			inputPaths = (
				"${PODS_PODFILE_DIR_PATH}/Podfile.lock",
				"${PODS_ROOT}/Manifest.lock",
			);
			name = "[CP] Check Pods Manifest.lock";
			outputFileListPaths = (
			);
			outputPaths = (
				"$(DERIVED_FILE_DIR)/Pods-FacebookLogin-checkManifestLockResult.txt",
			);
			runOnlyForDeploymentPostprocessing = 0;
			shellPath = /bin/sh;
			shellScript = "diff \"${PODS_PODFILE_DIR_PATH}/Podfile.lock\" \"${PODS_ROOT}/Manifest.lock\" > /dev/null\nif [ $? != 0 ] ; then\n    # print error to STDERR\n    echo \"error: The sandbox is not in sync with the Podfile.lock. Run 'pod install' or update your CocoaPods installation.\" >&2\n    exit 1\nfi\n# This output is used by Xcode 'outputs' to avoid re-running this script phase.\necho \"SUCCESS\" > \"${SCRIPT_OUTPUT_FILE_0}\"\n";
			showEnvVarsInLog = 0;
		};
/* End PBXShellScriptBuildPhase section */

/* Begin PBXSourcesBuildPhase section */
		A8C41BE6239F83FC0052E8CC /* Sources */ = {
			isa = PBXSourcesBuildPhase;
			buildActionMask = 2147483647;
			files = (
				A8C41BEE239F83FC0052E8CC /* DemoApplication.swift in Sources */,
				A8373DE0239FCA3400BBC5BC /* MainHandler.swift in Sources */,
				A8373DE2239FCA5100BBC5BC /* VCMain.swift in Sources */,
				A8373DDE239FCA0300BBC5BC /* DEFColors.swift in Sources */,
			);
			runOnlyForDeploymentPostprocessing = 0;
		};
/* End PBXSourcesBuildPhase section */

/* Begin XCBuildConfiguration section */
		A8C41BFC239F83FD0052E8CC /* Debug */ = {
			isa = XCBuildConfiguration;
			buildSettings = {
				ALWAYS_SEARCH_USER_PATHS = NO;
				CLANG_ANALYZER_NONNULL = YES;
				CLANG_ANALYZER_NUMBER_OBJECT_CONVERSION = YES_AGGRESSIVE;
				CLANG_CXX_LANGUAGE_STANDARD = "gnu++14";
				CLANG_CXX_LIBRARY = "libc++";
				CLANG_ENABLE_MODULES = YES;
				CLANG_ENABLE_OBJC_ARC = YES;
				CLANG_ENABLE_OBJC_WEAK = YES;
				CLANG_WARN_BLOCK_CAPTURE_AUTORELEASING = YES;
				CLANG_WARN_BOOL_CONVERSION = YES;
				CLANG_WARN_COMMA = YES;
				CLANG_WARN_CONSTANT_CONVERSION = YES;
				CLANG_WARN_DEPRECATED_OBJC_IMPLEMENTATIONS = YES;
				CLANG_WARN_DIRECT_OBJC_ISA_USAGE = YES_ERROR;
				CLANG_WARN_DOCUMENTATION_COMMENTS = YES;
				CLANG_WARN_EMPTY_BODY = YES;
				CLANG_WARN_ENUM_CONVERSION = YES;
				CLANG_WARN_INFINITE_RECURSION = YES;
				CLANG_WARN_INT_CONVERSION = YES;
				CLANG_WARN_NON_LITERAL_NULL_CONVERSION = YES;
				CLANG_WARN_OBJC_IMPLICIT_RETAIN_SELF = YES;
				CLANG_WARN_OBJC_LITERAL_CONVERSION = YES;
				CLANG_WARN_OBJC_ROOT_CLASS = YES_ERROR;
				CLANG_WARN_RANGE_LOOP_ANALYSIS = YES;
				CLANG_WARN_STRICT_PROTOTYPES = YES;
				CLANG_WARN_SUSPICIOUS_MOVE = YES;
				CLANG_WARN_UNGUARDED_AVAILABILITY = YES_AGGRESSIVE;
				CLANG_WARN_UNREACHABLE_CODE = YES;
				CLANG_WARN__DUPLICATE_METHOD_MATCH = YES;
				COPY_PHASE_STRIP = NO;
				DEBUG_INFORMATION_FORMAT = dwarf;
				ENABLE_STRICT_OBJC_MSGSEND = YES;
				ENABLE_TESTABILITY = YES;
				GCC_C_LANGUAGE_STANDARD = gnu11;
				GCC_DYNAMIC_NO_PIC = NO;
				GCC_NO_COMMON_BLOCKS = YES;
				GCC_OPTIMIZATION_LEVEL = 0;
				GCC_PREPROCESSOR_DEFINITIONS = (
					"DEBUG=1",
					"$(inherited)",
				);
				GCC_WARN_64_TO_32_BIT_CONVERSION = YES;
				GCC_WARN_ABOUT_RETURN_TYPE = YES_ERROR;
				GCC_WARN_UNDECLARED_SELECTOR = YES;
				GCC_WARN_UNINITIALIZED_AUTOS = YES_AGGRESSIVE;
				GCC_WARN_UNUSED_FUNCTION = YES;
				GCC_WARN_UNUSED_VARIABLE = YES;
				IPHONEOS_DEPLOYMENT_TARGET = 10.0;
				MTL_ENABLE_DEBUG_INFO = INCLUDE_SOURCE;
				MTL_FAST_MATH = YES;
				ONLY_ACTIVE_ARCH = YES;
				SDKROOT = iphoneos;
				SWIFT_ACTIVE_COMPILATION_CONDITIONS = DEBUG;
				SWIFT_OPTIMIZATION_LEVEL = "-Onone";
			};
			name = Debug;
		};
		A8C41BFD239F83FD0052E8CC /* Release */ = {
			isa = XCBuildConfiguration;
			buildSettings = {
				ALWAYS_SEARCH_USER_PATHS = NO;
				CLANG_ANALYZER_NONNULL = YES;
				CLANG_ANALYZER_NUMBER_OBJECT_CONVERSION = YES_AGGRESSIVE;
				CLANG_CXX_LANGUAGE_STANDARD = "gnu++14";
				CLANG_CXX_LIBRARY = "libc++";
				CLANG_ENABLE_MODULES = YES;
				CLANG_ENABLE_OBJC_ARC = YES;
				CLANG_ENABLE_OBJC_WEAK = YES;
				CLANG_WARN_BLOCK_CAPTURE_AUTORELEASING = YES;
				CLANG_WARN_BOOL_CONVERSION = YES;
				CLANG_WARN_COMMA = YES;
				CLANG_WARN_CONSTANT_CONVERSION = YES;
				CLANG_WARN_DEPRECATED_OBJC_IMPLEMENTATIONS = YES;
				CLANG_WARN_DIRECT_OBJC_ISA_USAGE = YES_ERROR;
				CLANG_WARN_DOCUMENTATION_COMMENTS = YES;
				CLANG_WARN_EMPTY_BODY = YES;
				CLANG_WARN_ENUM_CONVERSION = YES;
				CLANG_WARN_INFINITE_RECURSION = YES;
				CLANG_WARN_INT_CONVERSION = YES;
				CLANG_WARN_NON_LITERAL_NULL_CONVERSION = YES;
				CLANG_WARN_OBJC_IMPLICIT_RETAIN_SELF = YES;
				CLANG_WARN_OBJC_LITERAL_CONVERSION = YES;
				CLANG_WARN_OBJC_ROOT_CLASS = YES_ERROR;
				CLANG_WARN_RANGE_LOOP_ANALYSIS = YES;
				CLANG_WARN_STRICT_PROTOTYPES = YES;
				CLANG_WARN_SUSPICIOUS_MOVE = YES;
				CLANG_WARN_UNGUARDED_AVAILABILITY = YES_AGGRESSIVE;
				CLANG_WARN_UNREACHABLE_CODE = YES;
				CLANG_WARN__DUPLICATE_METHOD_MATCH = YES;
				COPY_PHASE_STRIP = NO;
				DEBUG_INFORMATION_FORMAT = "dwarf-with-dsym";
				ENABLE_NS_ASSERTIONS = NO;
				ENABLE_STRICT_OBJC_MSGSEND = YES;
				GCC_C_LANGUAGE_STANDARD = gnu11;
				GCC_NO_COMMON_BLOCKS = YES;
				GCC_WARN_64_TO_32_BIT_CONVERSION = YES;
				GCC_WARN_ABOUT_RETURN_TYPE = YES_ERROR;
				GCC_WARN_UNDECLARED_SELECTOR = YES;
				GCC_WARN_UNINITIALIZED_AUTOS = YES_AGGRESSIVE;
				GCC_WARN_UNUSED_FUNCTION = YES;
				GCC_WARN_UNUSED_VARIABLE = YES;
				IPHONEOS_DEPLOYMENT_TARGET = 10.0;
				MTL_ENABLE_DEBUG_INFO = NO;
				MTL_FAST_MATH = YES;
				SDKROOT = iphoneos;
				SWIFT_COMPILATION_MODE = wholemodule;
				SWIFT_OPTIMIZATION_LEVEL = "-O";
				VALIDATE_PRODUCT = YES;
			};
			name = Release;
		};
		A8C41BFF239F83FD0052E8CC /* Debug */ = {
			isa = XCBuildConfiguration;
			baseConfigurationReference = 450159FD0155A4D334176A0D /* Pods-FacebookLogin.debug.xcconfig */;
			buildSettings = {
				ASSETCATALOG_COMPILER_APPICON_NAME = AppIcon;
				CLANG_ALLOW_NON_MODULAR_INCLUDES_IN_FRAMEWORK_MODULES = YES;
				CLANG_ENABLE_MODULES = NO;
				CODE_SIGN_STYLE = Automatic;
				DEVELOPMENT_TEAM = 4KVLMRJ2PM;
				FRAMEWORK_SEARCH_PATHS = (
					"$(inherited)",
					"$(PROJECT_DIR)/build/Debug-iphoneos/FacebookCore",
					"$(PROJECT_DIR)/build/Debug-iphoneos/FacebookLogin",
					"$(PROJECT_DIR)/build/Debug-iphoneos/FBSDKCoreKit",
					"$(PROJECT_DIR)/build/Debug-iphoneos/FBSDKLoginKit",
				);
				INFOPLIST_FILE = FacebookLogin/Info.plist;
				IPHONEOS_DEPLOYMENT_TARGET = 10.0;
				LD_RUNPATH_SEARCH_PATHS = (
					"$(inherited)",
					"@executable_path/Frameworks",
				);
				OTHER_LDFLAGS = (
					"$(inherited)",
					"-l\"z\"",
					"-framework",
					"\"FBSDKCoreKit\"",
					"-framework",
					"\"FBSDKLoginKit\"",
					"-framework",
					"\"FacebookCore\"",
					"-framework",
					"\"FacebookLogin\"",
					"-weak_framework",
					"\"Accelerate\"",
					"-weak_framework",
					"\"Accounts\"",
					"-weak_framework",
					"\"AudioToolbox\"",
					"-weak_framework",
					"\"CoreGraphics\"",
					"-weak_framework",
					"\"CoreLocation\"",
					"-weak_framework",
					"\"Foundation\"",
					"-weak_framework",
					"\"QuartzCore\"",
					"-weak_framework",
					"\"Security\"",
					"-weak_framework",
					"\"Social\"",
					"-weak_framework",
					"\"UIKit\"",
					"-ObjC",
				);
				PRODUCT_BUNDLE_IDENTIFIER = study.swift.FacebookLogin;
				PRODUCT_NAME = "$(TARGET_NAME)";
				SWIFT_VERSION = 5.0;
				TARGETED_DEVICE_FAMILY = 1;
			};
			name = Debug;
		};
		A8C41C00239F83FD0052E8CC /* Release */ = {
			isa = XCBuildConfiguration;
			baseConfigurationReference = 17902A6F3DE32B4BB19FA3B6 /* Pods-FacebookLogin.release.xcconfig */;
			buildSettings = {
				ASSETCATALOG_COMPILER_APPICON_NAME = AppIcon;
				CLANG_ALLOW_NON_MODULAR_INCLUDES_IN_FRAMEWORK_MODULES = YES;
				CLANG_ENABLE_MODULES = NO;
				CODE_SIGN_STYLE = Automatic;
				DEVELOPMENT_TEAM = 4KVLMRJ2PM;
				FRAMEWORK_SEARCH_PATHS = (
					"$(inherited)",
					"$(PROJECT_DIR)/build/Debug-iphoneos/FacebookCore",
					"$(PROJECT_DIR)/build/Debug-iphoneos/FacebookLogin",
					"$(PROJECT_DIR)/build/Debug-iphoneos/FBSDKCoreKit",
					"$(PROJECT_DIR)/build/Debug-iphoneos/FBSDKLoginKit",
				);
				INFOPLIST_FILE = FacebookLogin/Info.plist;
				IPHONEOS_DEPLOYMENT_TARGET = 10.0;
				LD_RUNPATH_SEARCH_PATHS = (
					"$(inherited)",
					"@executable_path/Frameworks",
				);
				OTHER_LDFLAGS = (
					"$(inherited)",
					"-l\"z\"",
					"-framework",
					"\"FBSDKCoreKit\"",
					"-framework",
					"\"FBSDKLoginKit\"",
					"-framework",
					"\"FacebookCore\"",
					"-framework",
					"\"FacebookLogin\"",
					"-weak_framework",
					"\"Accelerate\"",
					"-weak_framework",
					"\"Accounts\"",
					"-weak_framework",
					"\"AudioToolbox\"",
					"-weak_framework",
					"\"CoreGraphics\"",
					"-weak_framework",
					"\"CoreLocation\"",
					"-weak_framework",
					"\"Foundation\"",
					"-weak_framework",
					"\"QuartzCore\"",
					"-weak_framework",
					"\"Security\"",
					"-weak_framework",
					"\"Social\"",
					"-weak_framework",
					"\"UIKit\"",
					"-ObjC",
				);
				PRODUCT_BUNDLE_IDENTIFIER = study.swift.FacebookLogin;
				PRODUCT_NAME = "$(TARGET_NAME)";
				SWIFT_VERSION = 5.0;
				TARGETED_DEVICE_FAMILY = 1;
			};
			name = Release;
		};
/* End XCBuildConfiguration section */

/* Begin XCConfigurationList section */
		A8C41BE5239F83FC0052E8CC /* Build configuration list for PBXProject "FacebookLogin" */ = {
			isa = XCConfigurationList;
			buildConfigurations = (
				A8C41BFC239F83FD0052E8CC /* Debug */,
				A8C41BFD239F83FD0052E8CC /* Release */,
			);
			defaultConfigurationIsVisible = 0;
			defaultConfigurationName = Release;
		};
		A8C41BFE239F83FD0052E8CC /* Build configuration list for PBXNativeTarget "FacebookLogin" */ = {
			isa = XCConfigurationList;
			buildConfigurations = (
				A8C41BFF239F83FD0052E8CC /* Debug */,
				A8C41C00239F83FD0052E8CC /* Release */,
			);
			defaultConfigurationIsVisible = 0;
			defaultConfigurationName = Release;
		};
/* End XCConfigurationList section */
	};
	rootObject = A8C41BE2239F83FC0052E8CC /* Project object */;
}
