// !$*UTF8*$!
{
	archiveVersion = 1;
	classes = {
	};
	objectVersion = 50;
	objects = {

/* Begin PBXBuildFile section */
		A8C561C52465684100C3CB10 /* AppDelegate.m in Sources */ = {isa = PBXBuildFile; fileRef = A8C561C42465684100C3CB10 /* AppDelegate.m */; };
		A8C561C82465684100C3CB10 /* SceneDelegate.m in Sources */ = {isa = PBXBuildFile; fileRef = A8C561C72465684100C3CB10 /* SceneDelegate.m */; };
		A8C561CB2465684100C3CB10 /* ViewController.m in Sources */ = {isa = PBXBuildFile; fileRef = A8C561CA2465684100C3CB10 /* ViewController.m */; };
		A8C561D02465684200C3CB10 /* Assets.xcassets in Resources */ = {isa = PBXBuildFile; fileRef = A8C561CF2465684200C3CB10 /* Assets.xcassets */; };
		A8C561D32465684200C3CB10 /* LaunchScreen.storyboard in Resources */ = {isa = PBXBuildFile; fileRef = A8C561D12465684200C3CB10 /* LaunchScreen.storyboard */; };
		A8C561D62465684200C3CB10 /* main.m in Sources */ = {isa = PBXBuildFile; fileRef = A8C561D52465684200C3CB10 /* main.m */; };
		A8C561E52465696D00C3CB10 /* VCMain.m in Sources */ = {isa = PBXBuildFile; fileRef = A8C561E42465696D00C3CB10 /* VCMain.m */; };
		A8C561E82465699800C3CB10 /* NCRoot.m in Sources */ = {isa = PBXBuildFile; fileRef = A8C561E72465699800C3CB10 /* NCRoot.m */; };
		A8C561EE246570E500C3CB10 /* Localizable.strings in Resources */ = {isa = PBXBuildFile; fileRef = A8C561F0246570E500C3CB10 /* Localizable.strings */; };
/* End PBXBuildFile section */

/* Begin PBXFileReference section */
		A8C561C02465684100C3CB10 /* Localization.app */ = {isa = PBXFileReference; explicitFileType = wrapper.application; includeInIndex = 0; path = Localization.app; sourceTree = BUILT_PRODUCTS_DIR; };
		A8C561C32465684100C3CB10 /* AppDelegate.h */ = {isa = PBXFileReference; lastKnownFileType = sourcecode.c.h; path = AppDelegate.h; sourceTree = "<group>"; };
		A8C561C42465684100C3CB10 /* AppDelegate.m */ = {isa = PBXFileReference; lastKnownFileType = sourcecode.c.objc; path = AppDelegate.m; sourceTree = "<group>"; };
		A8C561C62465684100C3CB10 /* SceneDelegate.h */ = {isa = PBXFileReference; lastKnownFileType = sourcecode.c.h; path = SceneDelegate.h; sourceTree = "<group>"; };
		A8C561C72465684100C3CB10 /* SceneDelegate.m */ = {isa = PBXFileReference; lastKnownFileType = sourcecode.c.objc; path = SceneDelegate.m; sourceTree = "<group>"; };
		A8C561C92465684100C3CB10 /* ViewController.h */ = {isa = PBXFileReference; lastKnownFileType = sourcecode.c.h; path = ViewController.h; sourceTree = "<group>"; };
		A8C561CA2465684100C3CB10 /* ViewController.m */ = {isa = PBXFileReference; lastKnownFileType = sourcecode.c.objc; path = ViewController.m; sourceTree = "<group>"; };
		A8C561CF2465684200C3CB10 /* Assets.xcassets */ = {isa = PBXFileReference; lastKnownFileType = folder.assetcatalog; path = Assets.xcassets; sourceTree = "<group>"; };
		A8C561D42465684200C3CB10 /* Info.plist */ = {isa = PBXFileReference; lastKnownFileType = text.plist.xml; path = Info.plist; sourceTree = "<group>"; };
		A8C561D52465684200C3CB10 /* main.m */ = {isa = PBXFileReference; lastKnownFileType = sourcecode.c.objc; path = main.m; sourceTree = "<group>"; };
		A8C561E22465693700C3CB10 /* DColors.h */ = {isa = PBXFileReference; lastKnownFileType = sourcecode.c.h; path = DColors.h; sourceTree = "<group>"; };
		A8C561E32465696D00C3CB10 /* VCMain.h */ = {isa = PBXFileReference; lastKnownFileType = sourcecode.c.h; path = VCMain.h; sourceTree = "<group>"; };
		A8C561E42465696D00C3CB10 /* VCMain.m */ = {isa = PBXFileReference; lastKnownFileType = sourcecode.c.objc; path = VCMain.m; sourceTree = "<group>"; };
		A8C561E62465699800C3CB10 /* NCRoot.h */ = {isa = PBXFileReference; lastKnownFileType = sourcecode.c.h; path = NCRoot.h; sourceTree = "<group>"; };
		A8C561E72465699800C3CB10 /* NCRoot.m */ = {isa = PBXFileReference; lastKnownFileType = sourcecode.c.objc; path = NCRoot.m; sourceTree = "<group>"; };
		A8C561EA2465702700C3CB10 /* ru */ = {isa = PBXFileReference; lastKnownFileType = file.storyboard; name = ru; path = ru.lproj/LaunchScreen.storyboard; sourceTree = "<group>"; };
		A8C561EB2465703600C3CB10 /* fi-FI */ = {isa = PBXFileReference; lastKnownFileType = file.storyboard; name = "fi-FI"; path = "fi-FI.lproj/LaunchScreen.storyboard"; sourceTree = "<group>"; };
		A8C561EF246570E500C3CB10 /* en */ = {isa = PBXFileReference; lastKnownFileType = text.plist.strings; name = en; path = en.lproj/Localizable.strings; sourceTree = "<group>"; };
		A8C561F1246570E700C3CB10 /* fi-FI */ = {isa = PBXFileReference; lastKnownFileType = text.plist.strings; name = "fi-FI"; path = "fi-FI.lproj/Localizable.strings"; sourceTree = "<group>"; };
		A8C561F2246570E800C3CB10 /* ru */ = {isa = PBXFileReference; lastKnownFileType = text.plist.strings; name = ru; path = ru.lproj/Localizable.strings; sourceTree = "<group>"; };
		A8C561F324658A5400C3CB10 /* Base */ = {isa = PBXFileReference; lastKnownFileType = file.storyboard; name = Base; path = Base.lproj/LaunchScreen.storyboard; sourceTree = "<group>"; };
/* End PBXFileReference section */

/* Begin PBXFrameworksBuildPhase section */
		A8C561BD2465684100C3CB10 /* Frameworks */ = {
			isa = PBXFrameworksBuildPhase;
			buildActionMask = 2147483647;
			files = (
			);
			runOnlyForDeploymentPostprocessing = 0;
		};
/* End PBXFrameworksBuildPhase section */

/* Begin PBXGroup section */
		A8C561B72465684100C3CB10 = {
			isa = PBXGroup;
			children = (
				A8C561C22465684100C3CB10 /* Localization */,
				A8C561C12465684100C3CB10 /* Products */,
			);
			sourceTree = "<group>";
		};
		A8C561C12465684100C3CB10 /* Products */ = {
			isa = PBXGroup;
			children = (
				A8C561C02465684100C3CB10 /* Localization.app */,
			);
			name = Products;
			sourceTree = "<group>";
		};
		A8C561C22465684100C3CB10 /* Localization */ = {
			isa = PBXGroup;
			children = (
				A8C561DE2465689900C3CB10 /* Resources */,
				A8C561DD2465689100C3CB10 /* ViewControllers */,
				A8C561DC2465688500C3CB10 /* Definitions */,
				A8C561C32465684100C3CB10 /* AppDelegate.h */,
				A8C561C42465684100C3CB10 /* AppDelegate.m */,
				A8C561C62465684100C3CB10 /* SceneDelegate.h */,
				A8C561C72465684100C3CB10 /* SceneDelegate.m */,
				A8C561C92465684100C3CB10 /* ViewController.h */,
				A8C561CA2465684100C3CB10 /* ViewController.m */,
				A8C561CF2465684200C3CB10 /* Assets.xcassets */,
				A8C561D42465684200C3CB10 /* Info.plist */,
				A8C561D52465684200C3CB10 /* main.m */,
			);
			path = Localization;
			sourceTree = "<group>";
		};
		A8C561DC2465688500C3CB10 /* Definitions */ = {
			isa = PBXGroup;
			children = (
				A8C561E22465693700C3CB10 /* DColors.h */,
			);
			path = Definitions;
			sourceTree = "<group>";
		};
		A8C561DD2465689100C3CB10 /* ViewControllers */ = {
			isa = PBXGroup;
			children = (
				A8C561E32465696D00C3CB10 /* VCMain.h */,
				A8C561E42465696D00C3CB10 /* VCMain.m */,
				A8C561E62465699800C3CB10 /* NCRoot.h */,
				A8C561E72465699800C3CB10 /* NCRoot.m */,
			);
			path = ViewControllers;
			sourceTree = "<group>";
		};
		A8C561DE2465689900C3CB10 /* Resources */ = {
			isa = PBXGroup;
			children = (
				A8C561D12465684200C3CB10 /* LaunchScreen.storyboard */,
				A8C561F0246570E500C3CB10 /* Localizable.strings */,
			);
			path = Resources;
			sourceTree = "<group>";
		};
/* End PBXGroup section */

/* Begin PBXNativeTarget section */
		A8C561BF2465684100C3CB10 /* Localization */ = {
			isa = PBXNativeTarget;
			buildConfigurationList = A8C561D92465684200C3CB10 /* Build configuration list for PBXNativeTarget "Localization" */;
			buildPhases = (
				A8C561BC2465684100C3CB10 /* Sources */,
				A8C561BD2465684100C3CB10 /* Frameworks */,
				A8C561BE2465684100C3CB10 /* Resources */,
			);
			buildRules = (
			);
			dependencies = (
			);
			name = Localization;
			productName = Localization;
			productReference = A8C561C02465684100C3CB10 /* Localization.app */;
			productType = "com.apple.product-type.application";
		};
/* End PBXNativeTarget section */

/* Begin PBXProject section */
		A8C561B82465684100C3CB10 /* Project object */ = {
			isa = PBXProject;
			attributes = {
				LastUpgradeCheck = 1130;
				ORGANIZATIONNAME = "Alexandr Kirilov";
				TargetAttributes = {
					A8C561BF2465684100C3CB10 = {
						CreatedOnToolsVersion = 11.3.1;
					};
				};
			};
			buildConfigurationList = A8C561BB2465684100C3CB10 /* Build configuration list for PBXProject "Localization" */;
			compatibilityVersion = "Xcode 9.3";
			developmentRegion = en;
			hasScannedForEncodings = 0;
			knownRegions = (
				en,
				ru,
				"fi-FI",
				Base,
			);
			mainGroup = A8C561B72465684100C3CB10;
			productRefGroup = A8C561C12465684100C3CB10 /* Products */;
			projectDirPath = "";
			projectRoot = "";
			targets = (
				A8C561BF2465684100C3CB10 /* Localization */,
			);
		};
/* End PBXProject section */

/* Begin PBXResourcesBuildPhase section */
		A8C561BE2465684100C3CB10 /* Resources */ = {
			isa = PBXResourcesBuildPhase;
			buildActionMask = 2147483647;
			files = (
				A8C561D32465684200C3CB10 /* LaunchScreen.storyboard in Resources */,
				A8C561EE246570E500C3CB10 /* Localizable.strings in Resources */,
				A8C561D02465684200C3CB10 /* Assets.xcassets in Resources */,
			);
			runOnlyForDeploymentPostprocessing = 0;
		};
/* End PBXResourcesBuildPhase section */

/* Begin PBXSourcesBuildPhase section */
		A8C561BC2465684100C3CB10 /* Sources */ = {
			isa = PBXSourcesBuildPhase;
			buildActionMask = 2147483647;
			files = (
				A8C561E82465699800C3CB10 /* NCRoot.m in Sources */,
				A8C561CB2465684100C3CB10 /* ViewController.m in Sources */,
				A8C561E52465696D00C3CB10 /* VCMain.m in Sources */,
				A8C561C52465684100C3CB10 /* AppDelegate.m in Sources */,
				A8C561D62465684200C3CB10 /* main.m in Sources */,
				A8C561C82465684100C3CB10 /* SceneDelegate.m in Sources */,
			);
			runOnlyForDeploymentPostprocessing = 0;
		};
/* End PBXSourcesBuildPhase section */

/* Begin PBXVariantGroup section */
		A8C561D12465684200C3CB10 /* LaunchScreen.storyboard */ = {
			isa = PBXVariantGroup;
			children = (
				A8C561EA2465702700C3CB10 /* ru */,
				A8C561EB2465703600C3CB10 /* fi-FI */,
				A8C561F324658A5400C3CB10 /* Base */,
			);
			name = LaunchScreen.storyboard;
			sourceTree = "<group>";
		};
		A8C561F0246570E500C3CB10 /* Localizable.strings */ = {
			isa = PBXVariantGroup;
			children = (
				A8C561EF246570E500C3CB10 /* en */,
				A8C561F1246570E700C3CB10 /* fi-FI */,
				A8C561F2246570E800C3CB10 /* ru */,
			);
			name = Localizable.strings;
			sourceTree = "<group>";
		};
/* End PBXVariantGroup section */

/* Begin XCBuildConfiguration section */
		A8C561D72465684200C3CB10 /* Debug */ = {
			isa = XCBuildConfiguration;
			buildSettings = {
				ALWAYS_SEARCH_USER_PATHS = NO;
				CLANG_ANALYZER_LOCALIZABILITY_NONLOCALIZED = YES;
				CLANG_ANALYZER_NONNULL = YES;
				CLANG_ANALYZER_NUMBER_OBJECT_CONVERSION = YES_AGGRESSIVE;
				CLANG_CXX_LANGUAGE_STANDARD = "gnu++14";
				CLANG_CXX_LIBRARY = "libc++";
				CLANG_ENABLE_MODULES = YES;
				CLANG_ENABLE_OBJC_ARC = YES;
				CLANG_ENABLE_OBJC_WEAK = YES;
				CLANG_WARN_BLOCK_CAPTURE_AUTORELEASING = YES;
				CLANG_WARN_BOOL_CONVERSION = YES;
				CLANG_WARN_COMMA = YES;
				CLANG_WARN_CONSTANT_CONVERSION = YES;
				CLANG_WARN_DEPRECATED_OBJC_IMPLEMENTATIONS = YES;
				CLANG_WARN_DIRECT_OBJC_ISA_USAGE = YES_ERROR;
				CLANG_WARN_DOCUMENTATION_COMMENTS = YES;
				CLANG_WARN_EMPTY_BODY = YES;
				CLANG_WARN_ENUM_CONVERSION = YES;
				CLANG_WARN_INFINITE_RECURSION = YES;
				CLANG_WARN_INT_CONVERSION = YES;
				CLANG_WARN_NON_LITERAL_NULL_CONVERSION = YES;
				CLANG_WARN_OBJC_IMPLICIT_RETAIN_SELF = YES;
				CLANG_WARN_OBJC_LITERAL_CONVERSION = YES;
				CLANG_WARN_OBJC_ROOT_CLASS = YES_ERROR;
				CLANG_WARN_RANGE_LOOP_ANALYSIS = YES;
				CLANG_WARN_STRICT_PROTOTYPES = YES;
				CLANG_WARN_SUSPICIOUS_MOVE = YES;
				CLANG_WARN_UNGUARDED_AVAILABILITY = YES_AGGRESSIVE;
				CLANG_WARN_UNREACHABLE_CODE = YES;
				CLANG_WARN__DUPLICATE_METHOD_MATCH = YES;
				COPY_PHASE_STRIP = NO;
				DEBUG_INFORMATION_FORMAT = dwarf;
				ENABLE_STRICT_OBJC_MSGSEND = YES;
				ENABLE_TESTABILITY = YES;
				GCC_C_LANGUAGE_STANDARD = gnu11;
				GCC_DYNAMIC_NO_PIC = NO;
				GCC_NO_COMMON_BLOCKS = YES;
				GCC_OPTIMIZATION_LEVEL = 0;
				GCC_PREPROCESSOR_DEFINITIONS = (
					"DEBUG=1",
					"$(inherited)",
				);
				GCC_WARN_64_TO_32_BIT_CONVERSION = YES;
				GCC_WARN_ABOUT_RETURN_TYPE = YES_ERROR;
				GCC_WARN_UNDECLARED_SELECTOR = YES;
				GCC_WARN_UNINITIALIZED_AUTOS = YES_AGGRESSIVE;
				GCC_WARN_UNUSED_FUNCTION = YES;
				GCC_WARN_UNUSED_VARIABLE = YES;
				IPHONEOS_DEPLOYMENT_TARGET = 13.2;
				MTL_ENABLE_DEBUG_INFO = INCLUDE_SOURCE;
				MTL_FAST_MATH = YES;
				ONLY_ACTIVE_ARCH = YES;
				SDKROOT = iphoneos;
			};
			name = Debug;
		};
		A8C561D82465684200C3CB10 /* Release */ = {
			isa = XCBuildConfiguration;
			buildSettings = {
				ALWAYS_SEARCH_USER_PATHS = NO;
				CLANG_ANALYZER_LOCALIZABILITY_NONLOCALIZED = YES;
				CLANG_ANALYZER_NONNULL = YES;
				CLANG_ANALYZER_NUMBER_OBJECT_CONVERSION = YES_AGGRESSIVE;
				CLANG_CXX_LANGUAGE_STANDARD = "gnu++14";
				CLANG_CXX_LIBRARY = "libc++";
				CLANG_ENABLE_MODULES = YES;
				CLANG_ENABLE_OBJC_ARC = YES;
				CLANG_ENABLE_OBJC_WEAK = YES;
				CLANG_WARN_BLOCK_CAPTURE_AUTORELEASING = YES;
				CLANG_WARN_BOOL_CONVERSION = YES;
				CLANG_WARN_COMMA = YES;
				CLANG_WARN_CONSTANT_CONVERSION = YES;
				CLANG_WARN_DEPRECATED_OBJC_IMPLEMENTATIONS = YES;
				CLANG_WARN_DIRECT_OBJC_ISA_USAGE = YES_ERROR;
				CLANG_WARN_DOCUMENTATION_COMMENTS = YES;
				CLANG_WARN_EMPTY_BODY = YES;
				CLANG_WARN_ENUM_CONVERSION = YES;
				CLANG_WARN_INFINITE_RECURSION = YES;
				CLANG_WARN_INT_CONVERSION = YES;
				CLANG_WARN_NON_LITERAL_NULL_CONVERSION = YES;
				CLANG_WARN_OBJC_IMPLICIT_RETAIN_SELF = YES;
				CLANG_WARN_OBJC_LITERAL_CONVERSION = YES;
				CLANG_WARN_OBJC_ROOT_CLASS = YES_ERROR;
				CLANG_WARN_RANGE_LOOP_ANALYSIS = YES;
				CLANG_WARN_STRICT_PROTOTYPES = YES;
				CLANG_WARN_SUSPICIOUS_MOVE = YES;
				CLANG_WARN_UNGUARDED_AVAILABILITY = YES_AGGRESSIVE;
				CLANG_WARN_UNREACHABLE_CODE = YES;
				CLANG_WARN__DUPLICATE_METHOD_MATCH = YES;
				COPY_PHASE_STRIP = NO;
				DEBUG_INFORMATION_FORMAT = "dwarf-with-dsym";
				ENABLE_NS_ASSERTIONS = NO;
				ENABLE_STRICT_OBJC_MSGSEND = YES;
				GCC_C_LANGUAGE_STANDARD = gnu11;
				GCC_NO_COMMON_BLOCKS = YES;
				GCC_WARN_64_TO_32_BIT_CONVERSION = YES;
				GCC_WARN_ABOUT_RETURN_TYPE = YES_ERROR;
				GCC_WARN_UNDECLARED_SELECTOR = YES;
				GCC_WARN_UNINITIALIZED_AUTOS = YES_AGGRESSIVE;
				GCC_WARN_UNUSED_FUNCTION = YES;
				GCC_WARN_UNUSED_VARIABLE = YES;
				IPHONEOS_DEPLOYMENT_TARGET = 13.2;
				MTL_ENABLE_DEBUG_INFO = NO;
				MTL_FAST_MATH = YES;
				SDKROOT = iphoneos;
				VALIDATE_PRODUCT = YES;
			};
			name = Release;
		};
		A8C561DA2465684200C3CB10 /* Debug */ = {
			isa = XCBuildConfiguration;
			buildSettings = {
				ASSETCATALOG_COMPILER_APPICON_NAME = AppIcon;
				CODE_SIGN_STYLE = Automatic;
				DEVELOPMENT_TEAM = 4KVLMRJ2PM;
				INFOPLIST_FILE = Localization/Info.plist;
				IPHONEOS_DEPLOYMENT_TARGET = 10.0;
				LD_RUNPATH_SEARCH_PATHS = (
					"$(inherited)",
					"@executable_path/Frameworks",
				);
				PRODUCT_BUNDLE_IDENTIFIER = "systems.arboreus.objective-c.Localization";
				PRODUCT_NAME = "$(TARGET_NAME)";
				TARGETED_DEVICE_FAMILY = "1,2";
			};
			name = Debug;
		};
		A8C561DB2465684200C3CB10 /* Release */ = {
			isa = XCBuildConfiguration;
			buildSettings = {
				ASSETCATALOG_COMPILER_APPICON_NAME = AppIcon;
				CODE_SIGN_STYLE = Automatic;
				DEVELOPMENT_TEAM = 4KVLMRJ2PM;
				INFOPLIST_FILE = Localization/Info.plist;
				IPHONEOS_DEPLOYMENT_TARGET = 10.0;
				LD_RUNPATH_SEARCH_PATHS = (
					"$(inherited)",
					"@executable_path/Frameworks",
				);
				PRODUCT_BUNDLE_IDENTIFIER = "systems.arboreus.objective-c.Localization";
				PRODUCT_NAME = "$(TARGET_NAME)";
				TARGETED_DEVICE_FAMILY = "1,2";
			};
			name = Release;
		};
/* End XCBuildConfiguration section */

/* Begin XCConfigurationList section */
		A8C561BB2465684100C3CB10 /* Build configuration list for PBXProject "Localization" */ = {
			isa = XCConfigurationList;
			buildConfigurations = (
				A8C561D72465684200C3CB10 /* Debug */,
				A8C561D82465684200C3CB10 /* Release */,
			);
			defaultConfigurationIsVisible = 0;
			defaultConfigurationName = Release;
		};
		A8C561D92465684200C3CB10 /* Build configuration list for PBXNativeTarget "Localization" */ = {
			isa = XCConfigurationList;
			buildConfigurations = (
				A8C561DA2465684200C3CB10 /* Debug */,
				A8C561DB2465684200C3CB10 /* Release */,
			);
			defaultConfigurationIsVisible = 0;
			defaultConfigurationName = Release;
		};
/* End XCConfigurationList section */
	};
	rootObject = A8C561B82465684100C3CB10 /* Project object */;
}
