// !$*UTF8*$!
{
	archiveVersion = 1;
	classes = {
	};
	objectVersion = 50;
	objects = {

/* Begin PBXBuildFile section */
		A85DD86922E88D5100E12EF7 /* AppDelegate.swift in Sources */ = {isa = PBXBuildFile; fileRef = A85DD86822E88D5100E12EF7 /* AppDelegate.swift */; };
		A85DD87022E88D5100E12EF7 /* Assets.xcassets in Resources */ = {isa = PBXBuildFile; fileRef = A85DD86F22E88D5100E12EF7 /* Assets.xcassets */; };
		A85DD87B22E88D9E00E12EF7 /* Default-568h@2x.png in Resources */ = {isa = PBXBuildFile; fileRef = A85DD87A22E88D9E00E12EF7 /* Default-568h@2x.png */; };
		A85DD88022E88E4B00E12EF7 /* MainHandler.swift in Sources */ = {isa = PBXBuildFile; fileRef = A85DD87F22E88E4B00E12EF7 /* MainHandler.swift */; };
		A85DD88222E88EC700E12EF7 /* VCMain.swift in Sources */ = {isa = PBXBuildFile; fileRef = A85DD88122E88EC700E12EF7 /* VCMain.swift */; };
		A85DD88522E88F3700E12EF7 /* ADEFColors.swift in Sources */ = {isa = PBXBuildFile; fileRef = A85DD88422E88F3700E12EF7 /* ADEFColors.swift */; };
		A85DD88722E8B3E100E12EF7 /* CONSwitch.swift in Sources */ = {isa = PBXBuildFile; fileRef = A85DD88622E8B3E100E12EF7 /* CONSwitch.swift */; };
		A8C769A522EAD9D700B2D5E0 /* switch_yes.pdf in Resources */ = {isa = PBXBuildFile; fileRef = A8C769A322EAD9D700B2D5E0 /* switch_yes.pdf */; };
		A8C769A622EAD9D700B2D5E0 /* switch_no.pdf in Resources */ = {isa = PBXBuildFile; fileRef = A8C769A422EAD9D700B2D5E0 /* switch_no.pdf */; };
/* End PBXBuildFile section */

/* Begin PBXFileReference section */
		A85DD86522E88D5100E12EF7 /* Custom UIControl.app */ = {isa = PBXFileReference; explicitFileType = wrapper.application; includeInIndex = 0; path = "Custom UIControl.app"; sourceTree = BUILT_PRODUCTS_DIR; };
		A85DD86822E88D5100E12EF7 /* AppDelegate.swift */ = {isa = PBXFileReference; lastKnownFileType = sourcecode.swift; path = AppDelegate.swift; sourceTree = "<group>"; };
		A85DD86F22E88D5100E12EF7 /* Assets.xcassets */ = {isa = PBXFileReference; lastKnownFileType = folder.assetcatalog; path = Assets.xcassets; sourceTree = "<group>"; };
		A85DD87422E88D5100E12EF7 /* Info.plist */ = {isa = PBXFileReference; lastKnownFileType = text.plist.xml; path = Info.plist; sourceTree = "<group>"; };
		A85DD87A22E88D9E00E12EF7 /* Default-568h@2x.png */ = {isa = PBXFileReference; lastKnownFileType = image.png; path = "Default-568h@2x.png"; sourceTree = "<group>"; };
		A85DD87F22E88E4B00E12EF7 /* MainHandler.swift */ = {isa = PBXFileReference; lastKnownFileType = sourcecode.swift; path = MainHandler.swift; sourceTree = "<group>"; };
		A85DD88122E88EC700E12EF7 /* VCMain.swift */ = {isa = PBXFileReference; lastKnownFileType = sourcecode.swift; path = VCMain.swift; sourceTree = "<group>"; };
		A85DD88422E88F3700E12EF7 /* ADEFColors.swift */ = {isa = PBXFileReference; lastKnownFileType = sourcecode.swift; path = ADEFColors.swift; sourceTree = "<group>"; };
		A85DD88622E8B3E100E12EF7 /* CONSwitch.swift */ = {isa = PBXFileReference; lastKnownFileType = sourcecode.swift; path = CONSwitch.swift; sourceTree = "<group>"; };
		A8C769A322EAD9D700B2D5E0 /* switch_yes.pdf */ = {isa = PBXFileReference; lastKnownFileType = image.pdf; path = switch_yes.pdf; sourceTree = "<group>"; };
		A8C769A422EAD9D700B2D5E0 /* switch_no.pdf */ = {isa = PBXFileReference; lastKnownFileType = image.pdf; path = switch_no.pdf; sourceTree = "<group>"; };
/* End PBXFileReference section */

/* Begin PBXFrameworksBuildPhase section */
		A85DD86222E88D5100E12EF7 /* Frameworks */ = {
			isa = PBXFrameworksBuildPhase;
			buildActionMask = 2147483647;
			files = (
			);
			runOnlyForDeploymentPostprocessing = 0;
		};
/* End PBXFrameworksBuildPhase section */

/* Begin PBXGroup section */
		A85DD85C22E88D5100E12EF7 = {
			isa = PBXGroup;
			children = (
				A85DD87A22E88D9E00E12EF7 /* Default-568h@2x.png */,
				A85DD86722E88D5100E12EF7 /* Custom UIControl */,
				A85DD86622E88D5100E12EF7 /* Products */,
			);
			sourceTree = "<group>";
		};
		A85DD86622E88D5100E12EF7 /* Products */ = {
			isa = PBXGroup;
			children = (
				A85DD86522E88D5100E12EF7 /* Custom UIControl.app */,
			);
			name = Products;
			sourceTree = "<group>";
		};
		A85DD86722E88D5100E12EF7 /* Custom UIControl */ = {
			isa = PBXGroup;
			children = (
				A8C769A022EAD92C00B2D5E0 /* Resources */,
				A85DD88322E88F0700E12EF7 /* Definitions */,
				A85DD87E22E88E2100E12EF7 /* Controls */,
				A85DD87D22E88E1300E12EF7 /* ViewControllers */,
				A85DD87C22E88E0C00E12EF7 /* Handlers */,
				A85DD86822E88D5100E12EF7 /* AppDelegate.swift */,
				A85DD86F22E88D5100E12EF7 /* Assets.xcassets */,
				A85DD87422E88D5100E12EF7 /* Info.plist */,
			);
			path = "Custom UIControl";
			sourceTree = "<group>";
		};
		A85DD87C22E88E0C00E12EF7 /* Handlers */ = {
			isa = PBXGroup;
			children = (
				A85DD87F22E88E4B00E12EF7 /* MainHandler.swift */,
			);
			path = Handlers;
			sourceTree = "<group>";
		};
		A85DD87D22E88E1300E12EF7 /* ViewControllers */ = {
			isa = PBXGroup;
			children = (
				A85DD88122E88EC700E12EF7 /* VCMain.swift */,
			);
			path = ViewControllers;
			sourceTree = "<group>";
		};
		A85DD87E22E88E2100E12EF7 /* Controls */ = {
			isa = PBXGroup;
			children = (
				A85DD88622E8B3E100E12EF7 /* CONSwitch.swift */,
			);
			path = Controls;
			sourceTree = "<group>";
		};
		A85DD88322E88F0700E12EF7 /* Definitions */ = {
			isa = PBXGroup;
			children = (
				A85DD88422E88F3700E12EF7 /* ADEFColors.swift */,
			);
			path = Definitions;
			sourceTree = "<group>";
		};
		A8C769A022EAD92C00B2D5E0 /* Resources */ = {
			isa = PBXGroup;
			children = (
				A8C769A122EAD93A00B2D5E0 /* Images */,
			);
			path = Resources;
			sourceTree = "<group>";
		};
		A8C769A122EAD93A00B2D5E0 /* Images */ = {
			isa = PBXGroup;
			children = (
				A8C769A222EAD94200B2D5E0 /* CONSwitch */,
			);
			path = Images;
			sourceTree = "<group>";
		};
		A8C769A222EAD94200B2D5E0 /* CONSwitch */ = {
			isa = PBXGroup;
			children = (
				A8C769A422EAD9D700B2D5E0 /* switch_no.pdf */,
				A8C769A322EAD9D700B2D5E0 /* switch_yes.pdf */,
			);
			path = CONSwitch;
			sourceTree = "<group>";
		};
/* End PBXGroup section */

/* Begin PBXNativeTarget section */
		A85DD86422E88D5100E12EF7 /* Custom UIControl */ = {
			isa = PBXNativeTarget;
			buildConfigurationList = A85DD87722E88D5100E12EF7 /* Build configuration list for PBXNativeTarget "Custom UIControl" */;
			buildPhases = (
				A85DD86122E88D5100E12EF7 /* Sources */,
				A85DD86222E88D5100E12EF7 /* Frameworks */,
				A85DD86322E88D5100E12EF7 /* Resources */,
			);
			buildRules = (
			);
			dependencies = (
			);
			name = "Custom UIControl";
			productName = "Custom UIControl";
			productReference = A85DD86522E88D5100E12EF7 /* Custom UIControl.app */;
			productType = "com.apple.product-type.application";
		};
/* End PBXNativeTarget section */

/* Begin PBXProject section */
		A85DD85D22E88D5100E12EF7 /* Project object */ = {
			isa = PBXProject;
			attributes = {
				LastSwiftUpdateCheck = 1030;
				LastUpgradeCheck = 1030;
				ORGANIZATIONNAME = Arboreus;
				TargetAttributes = {
					A85DD86422E88D5100E12EF7 = {
						CreatedOnToolsVersion = 10.3;
					};
				};
			};
			buildConfigurationList = A85DD86022E88D5100E12EF7 /* Build configuration list for PBXProject "Custom UIControl" */;
			compatibilityVersion = "Xcode 9.3";
			developmentRegion = en;
			hasScannedForEncodings = 0;
			knownRegions = (
				en,
				Base,
			);
			mainGroup = A85DD85C22E88D5100E12EF7;
			productRefGroup = A85DD86622E88D5100E12EF7 /* Products */;
			projectDirPath = "";
			projectRoot = "";
			targets = (
				A85DD86422E88D5100E12EF7 /* Custom UIControl */,
			);
		};
/* End PBXProject section */

/* Begin PBXResourcesBuildPhase section */
		A85DD86322E88D5100E12EF7 /* Resources */ = {
			isa = PBXResourcesBuildPhase;
			buildActionMask = 2147483647;
			files = (
				A8C769A522EAD9D700B2D5E0 /* switch_yes.pdf in Resources */,
				A85DD87B22E88D9E00E12EF7 /* Default-568h@2x.png in Resources */,
				A85DD87022E88D5100E12EF7 /* Assets.xcassets in Resources */,
				A8C769A622EAD9D700B2D5E0 /* switch_no.pdf in Resources */,
			);
			runOnlyForDeploymentPostprocessing = 0;
		};
/* End PBXResourcesBuildPhase section */

/* Begin PBXSourcesBuildPhase section */
		A85DD86122E88D5100E12EF7 /* Sources */ = {
			isa = PBXSourcesBuildPhase;
			buildActionMask = 2147483647;
			files = (
				A85DD86922E88D5100E12EF7 /* AppDelegate.swift in Sources */,
				A85DD88522E88F3700E12EF7 /* ADEFColors.swift in Sources */,
				A85DD88722E8B3E100E12EF7 /* CONSwitch.swift in Sources */,
				A85DD88022E88E4B00E12EF7 /* MainHandler.swift in Sources */,
				A85DD88222E88EC700E12EF7 /* VCMain.swift in Sources */,
			);
			runOnlyForDeploymentPostprocessing = 0;
		};
/* End PBXSourcesBuildPhase section */

/* Begin XCBuildConfiguration section */
		A85DD87522E88D5100E12EF7 /* Debug */ = {
			isa = XCBuildConfiguration;
			buildSettings = {
				ALWAYS_SEARCH_USER_PATHS = NO;
				CLANG_ANALYZER_NONNULL = YES;
				CLANG_ANALYZER_NUMBER_OBJECT_CONVERSION = YES_AGGRESSIVE;
				CLANG_CXX_LANGUAGE_STANDARD = "gnu++14";
				CLANG_CXX_LIBRARY = "libc++";
				CLANG_ENABLE_MODULES = YES;
				CLANG_ENABLE_OBJC_ARC = YES;
				CLANG_ENABLE_OBJC_WEAK = YES;
				CLANG_WARN_BLOCK_CAPTURE_AUTORELEASING = YES;
				CLANG_WARN_BOOL_CONVERSION = YES;
				CLANG_WARN_COMMA = YES;
				CLANG_WARN_CONSTANT_CONVERSION = YES;
				CLANG_WARN_DEPRECATED_OBJC_IMPLEMENTATIONS = YES;
				CLANG_WARN_DIRECT_OBJC_ISA_USAGE = YES_ERROR;
				CLANG_WARN_DOCUMENTATION_COMMENTS = YES;
				CLANG_WARN_EMPTY_BODY = YES;
				CLANG_WARN_ENUM_CONVERSION = YES;
				CLANG_WARN_INFINITE_RECURSION = YES;
				CLANG_WARN_INT_CONVERSION = YES;
				CLANG_WARN_NON_LITERAL_NULL_CONVERSION = YES;
				CLANG_WARN_OBJC_IMPLICIT_RETAIN_SELF = YES;
				CLANG_WARN_OBJC_LITERAL_CONVERSION = YES;
				CLANG_WARN_OBJC_ROOT_CLASS = YES_ERROR;
				CLANG_WARN_RANGE_LOOP_ANALYSIS = YES;
				CLANG_WARN_STRICT_PROTOTYPES = YES;
				CLANG_WARN_SUSPICIOUS_MOVE = YES;
				CLANG_WARN_UNGUARDED_AVAILABILITY = YES_AGGRESSIVE;
				CLANG_WARN_UNREACHABLE_CODE = YES;
				CLANG_WARN__DUPLICATE_METHOD_MATCH = YES;
				CODE_SIGN_IDENTITY = "iPhone Developer";
				COPY_PHASE_STRIP = NO;
				DEBUG_INFORMATION_FORMAT = dwarf;
				ENABLE_STRICT_OBJC_MSGSEND = YES;
				ENABLE_TESTABILITY = YES;
				GCC_C_LANGUAGE_STANDARD = gnu11;
				GCC_DYNAMIC_NO_PIC = NO;
				GCC_NO_COMMON_BLOCKS = YES;
				GCC_OPTIMIZATION_LEVEL = 0;
				GCC_PREPROCESSOR_DEFINITIONS = (
					"DEBUG=1",
					"$(inherited)",
				);
				GCC_WARN_64_TO_32_BIT_CONVERSION = YES;
				GCC_WARN_ABOUT_RETURN_TYPE = YES_ERROR;
				GCC_WARN_UNDECLARED_SELECTOR = YES;
				GCC_WARN_UNINITIALIZED_AUTOS = YES_AGGRESSIVE;
				GCC_WARN_UNUSED_FUNCTION = YES;
				GCC_WARN_UNUSED_VARIABLE = YES;
				IPHONEOS_DEPLOYMENT_TARGET = 12.4;
				MTL_ENABLE_DEBUG_INFO = INCLUDE_SOURCE;
				MTL_FAST_MATH = YES;
				ONLY_ACTIVE_ARCH = YES;
				SDKROOT = iphoneos;
				SWIFT_ACTIVE_COMPILATION_CONDITIONS = DEBUG;
				SWIFT_OPTIMIZATION_LEVEL = "-Onone";
			};
			name = Debug;
		};
		A85DD87622E88D5100E12EF7 /* Release */ = {
			isa = XCBuildConfiguration;
			buildSettings = {
				ALWAYS_SEARCH_USER_PATHS = NO;
				CLANG_ANALYZER_NONNULL = YES;
				CLANG_ANALYZER_NUMBER_OBJECT_CONVERSION = YES_AGGRESSIVE;
				CLANG_CXX_LANGUAGE_STANDARD = "gnu++14";
				CLANG_CXX_LIBRARY = "libc++";
				CLANG_ENABLE_MODULES = YES;
				CLANG_ENABLE_OBJC_ARC = YES;
				CLANG_ENABLE_OBJC_WEAK = YES;
				CLANG_WARN_BLOCK_CAPTURE_AUTORELEASING = YES;
				CLANG_WARN_BOOL_CONVERSION = YES;
				CLANG_WARN_COMMA = YES;
				CLANG_WARN_CONSTANT_CONVERSION = YES;
				CLANG_WARN_DEPRECATED_OBJC_IMPLEMENTATIONS = YES;
				CLANG_WARN_DIRECT_OBJC_ISA_USAGE = YES_ERROR;
				CLANG_WARN_DOCUMENTATION_COMMENTS = YES;
				CLANG_WARN_EMPTY_BODY = YES;
				CLANG_WARN_ENUM_CONVERSION = YES;
				CLANG_WARN_INFINITE_RECURSION = YES;
				CLANG_WARN_INT_CONVERSION = YES;
				CLANG_WARN_NON_LITERAL_NULL_CONVERSION = YES;
				CLANG_WARN_OBJC_IMPLICIT_RETAIN_SELF = YES;
				CLANG_WARN_OBJC_LITERAL_CONVERSION = YES;
				CLANG_WARN_OBJC_ROOT_CLASS = YES_ERROR;
				CLANG_WARN_RANGE_LOOP_ANALYSIS = YES;
				CLANG_WARN_STRICT_PROTOTYPES = YES;
				CLANG_WARN_SUSPICIOUS_MOVE = YES;
				CLANG_WARN_UNGUARDED_AVAILABILITY = YES_AGGRESSIVE;
				CLANG_WARN_UNREACHABLE_CODE = YES;
				CLANG_WARN__DUPLICATE_METHOD_MATCH = YES;
				CODE_SIGN_IDENTITY = "iPhone Developer";
				COPY_PHASE_STRIP = NO;
				DEBUG_INFORMATION_FORMAT = "dwarf-with-dsym";
				ENABLE_NS_ASSERTIONS = NO;
				ENABLE_STRICT_OBJC_MSGSEND = YES;
				GCC_C_LANGUAGE_STANDARD = gnu11;
				GCC_NO_COMMON_BLOCKS = YES;
				GCC_WARN_64_TO_32_BIT_CONVERSION = YES;
				GCC_WARN_ABOUT_RETURN_TYPE = YES_ERROR;
				GCC_WARN_UNDECLARED_SELECTOR = YES;
				GCC_WARN_UNINITIALIZED_AUTOS = YES_AGGRESSIVE;
				GCC_WARN_UNUSED_FUNCTION = YES;
				GCC_WARN_UNUSED_VARIABLE = YES;
				IPHONEOS_DEPLOYMENT_TARGET = 12.4;
				MTL_ENABLE_DEBUG_INFO = NO;
				MTL_FAST_MATH = YES;
				SDKROOT = iphoneos;
				SWIFT_COMPILATION_MODE = wholemodule;
				SWIFT_OPTIMIZATION_LEVEL = "-O";
				VALIDATE_PRODUCT = YES;
			};
			name = Release;
		};
		A85DD87822E88D5100E12EF7 /* Debug */ = {
			isa = XCBuildConfiguration;
			buildSettings = {
				ASSETCATALOG_COMPILER_APPICON_NAME = AppIcon;
				CODE_SIGN_STYLE = Automatic;
				DEVELOPMENT_TEAM = "";
				INFOPLIST_FILE = "Custom UIControl/Info.plist";
				LD_RUNPATH_SEARCH_PATHS = (
					"$(inherited)",
					"@executable_path/Frameworks",
				);
				PRODUCT_BUNDLE_IDENTIFIER = "study.swift.Custom-UIControl";
				PRODUCT_NAME = "$(TARGET_NAME)";
				SWIFT_VERSION = 5.0;
				TARGETED_DEVICE_FAMILY = 1;
			};
			name = Debug;
		};
		A85DD87922E88D5100E12EF7 /* Release */ = {
			isa = XCBuildConfiguration;
			buildSettings = {
				ASSETCATALOG_COMPILER_APPICON_NAME = AppIcon;
				CODE_SIGN_STYLE = Automatic;
				DEVELOPMENT_TEAM = "";
				INFOPLIST_FILE = "Custom UIControl/Info.plist";
				LD_RUNPATH_SEARCH_PATHS = (
					"$(inherited)",
					"@executable_path/Frameworks",
				);
				PRODUCT_BUNDLE_IDENTIFIER = "study.swift.Custom-UIControl";
				PRODUCT_NAME = "$(TARGET_NAME)";
				SWIFT_VERSION = 5.0;
				TARGETED_DEVICE_FAMILY = 1;
			};
			name = Release;
		};
/* End XCBuildConfiguration section */

/* Begin XCConfigurationList section */
		A85DD86022E88D5100E12EF7 /* Build configuration list for PBXProject "Custom UIControl" */ = {
			isa = XCConfigurationList;
			buildConfigurations = (
				A85DD87522E88D5100E12EF7 /* Debug */,
				A85DD87622E88D5100E12EF7 /* Release */,
			);
			defaultConfigurationIsVisible = 0;
			defaultConfigurationName = Release;
		};
		A85DD87722E88D5100E12EF7 /* Build configuration list for PBXNativeTarget "Custom UIControl" */ = {
			isa = XCConfigurationList;
			buildConfigurations = (
				A85DD87822E88D5100E12EF7 /* Debug */,
				A85DD87922E88D5100E12EF7 /* Release */,
			);
			defaultConfigurationIsVisible = 0;
			defaultConfigurationName = Release;
		};
/* End XCConfigurationList section */
	};
	rootObject = A85DD85D22E88D5100E12EF7 /* Project object */;
}
