// !$*UTF8*$!
{
	archiveVersion = 1;
	classes = {
	};
	objectVersion = 50;
	objects = {

/* Begin PBXBuildFile section */
		60953023F28F903103BAB5B1 /* ADEFFonts.swift in Sources */ = {isa = PBXBuildFile; fileRef = 609531E43E68EC98177CD487 /* ADEFFonts.swift */; };
		609530F32F8263E352907838 /* ADEFColors.swift in Sources */ = {isa = PBXBuildFile; fileRef = 6095329DE4DF85BCFA79758E /* ADEFColors.swift */; };
		60953199F5B92012DC19FB01 /* VCPage3.swift in Sources */ = {isa = PBXBuildFile; fileRef = 609538C178B18C8A010074EB /* VCPage3.swift */; };
		609536ADB06CA2C63B21AB60 /* ELButtonBarNavigation.swift in Sources */ = {isa = PBXBuildFile; fileRef = 609538FCF85488A6B71A017A /* ELButtonBarNavigation.swift */; };
		6095374445BD7A3448924199 /* VCMain.swift in Sources */ = {isa = PBXBuildFile; fileRef = 60953F084D1006CADD40E1CD /* VCMain.swift */; };
		609539A18D889CC7F2809D17 /* PRContentView.swift in Sources */ = {isa = PBXBuildFile; fileRef = 60953E0C409C2428829CDEB5 /* PRContentView.swift */; };
		60953B00CD0EF9849002097B /* VCPage2.swift in Sources */ = {isa = PBXBuildFile; fileRef = 609534156DED8D23C2802A63 /* VCPage2.swift */; };
		60953B7A46CF8365741D1533 /* VCPage1.swift in Sources */ = {isa = PBXBuildFile; fileRef = 60953442CBCEDD575F50C7F3 /* VCPage1.swift */; };
		60953C7079BE938EB8A76905 /* VCBarNavigation.swift in Sources */ = {isa = PBXBuildFile; fileRef = 60953B958AE71CDDF8AED75D /* VCBarNavigation.swift */; };
		60953EDD58B39FAA86CA4F39 /* PRButton.swift in Sources */ = {isa = PBXBuildFile; fileRef = 6095306D35D073153C5F90CE /* PRButton.swift */; };
		60953F47912D02C37B4D0066 /* PRLabel.swift in Sources */ = {isa = PBXBuildFile; fileRef = 609535DDB4C0C93C1ACA027A /* PRLabel.swift */; };
		60953F55EBCE37193CC328BC /* VCMainWrapper.swift in Sources */ = {isa = PBXBuildFile; fileRef = 60953A276F130DC5C338E843 /* VCMainWrapper.swift */; };
		A862CDAF22DBB52A00E4A874 /* LaunchScreen.storyboard in Resources */ = {isa = PBXBuildFile; fileRef = A862CDAE22DBB52A00E4A874 /* LaunchScreen.storyboard */; };
		A862CDB322DBB58900E4A874 /* DemoVectorLogo.pdf in Resources */ = {isa = PBXBuildFile; fileRef = A862CDB122DBB58900E4A874 /* DemoVectorLogo.pdf */; };
		A862CDB422DBB58900E4A874 /* DemoVectorTree.pdf in Resources */ = {isa = PBXBuildFile; fileRef = A862CDB222DBB58900E4A874 /* DemoVectorTree.pdf */; };
		A8A34B7D22D0FDCB001ACBED /* AppDelegate.swift in Sources */ = {isa = PBXBuildFile; fileRef = A8A34B7C22D0FDCB001ACBED /* AppDelegate.swift */; };
		A8A34B8422D0FDCB001ACBED /* Assets.xcassets in Resources */ = {isa = PBXBuildFile; fileRef = A8A34B8322D0FDCB001ACBED /* Assets.xcassets */; };
		A8C4453322DCA56F00D97D44 /* DemoButtonNormal.pdf in Resources */ = {isa = PBXBuildFile; fileRef = A8C4453122DCA56F00D97D44 /* DemoButtonNormal.pdf */; };
		A8C4453422DCA56F00D97D44 /* DemoButtonPressed.pdf in Resources */ = {isa = PBXBuildFile; fileRef = A8C4453222DCA56F00D97D44 /* DemoButtonPressed.pdf */; };
		A8F0E6CE22DCACA800BC376D /* Mohave-Bold.otf in Resources */ = {isa = PBXBuildFile; fileRef = A862CDAC22DB9BFA00E4A874 /* Mohave-Bold.otf */; };
		A8F0E6CF22DCACAB00BC376D /* Mohave-BoldItalic.otf in Resources */ = {isa = PBXBuildFile; fileRef = A862CDAD22DB9BFA00E4A874 /* Mohave-BoldItalic.otf */; };
		A8F0E6D022DCACAD00BC376D /* Mohave-Italic.otf in Resources */ = {isa = PBXBuildFile; fileRef = A862CDAB22DB9BFA00E4A874 /* Mohave-Italic.otf */; };
		A8F0E6D122DCACB000BC376D /* Mohave-Regular.otf in Resources */ = {isa = PBXBuildFile; fileRef = A862CDAA22DB9BFA00E4A874 /* Mohave-Regular.otf */; };
		A8F0E6D322DCB78C00BC376D /* MainHandler.swift in Sources */ = {isa = PBXBuildFile; fileRef = A8F0E6D222DCB78C00BC376D /* MainHandler.swift */; };
/* End PBXBuildFile section */

/* Begin PBXFileReference section */
		6095306D35D073153C5F90CE /* PRButton.swift */ = {isa = PBXFileReference; fileEncoding = 4; lastKnownFileType = sourcecode.swift; path = PRButton.swift; sourceTree = "<group>"; };
		609531E43E68EC98177CD487 /* ADEFFonts.swift */ = {isa = PBXFileReference; fileEncoding = 4; lastKnownFileType = sourcecode.swift; path = ADEFFonts.swift; sourceTree = "<group>"; };
		6095329DE4DF85BCFA79758E /* ADEFColors.swift */ = {isa = PBXFileReference; fileEncoding = 4; lastKnownFileType = sourcecode.swift; path = ADEFColors.swift; sourceTree = "<group>"; };
		609534156DED8D23C2802A63 /* VCPage2.swift */ = {isa = PBXFileReference; fileEncoding = 4; lastKnownFileType = sourcecode.swift; path = VCPage2.swift; sourceTree = "<group>"; };
		60953442CBCEDD575F50C7F3 /* VCPage1.swift */ = {isa = PBXFileReference; fileEncoding = 4; lastKnownFileType = sourcecode.swift; path = VCPage1.swift; sourceTree = "<group>"; };
		609535DDB4C0C93C1ACA027A /* PRLabel.swift */ = {isa = PBXFileReference; fileEncoding = 4; lastKnownFileType = sourcecode.swift; path = PRLabel.swift; sourceTree = "<group>"; };
		609538C178B18C8A010074EB /* VCPage3.swift */ = {isa = PBXFileReference; fileEncoding = 4; lastKnownFileType = sourcecode.swift; path = VCPage3.swift; sourceTree = "<group>"; };
		609538FCF85488A6B71A017A /* ELButtonBarNavigation.swift */ = {isa = PBXFileReference; fileEncoding = 4; lastKnownFileType = sourcecode.swift; path = ELButtonBarNavigation.swift; sourceTree = "<group>"; };
		60953A276F130DC5C338E843 /* VCMainWrapper.swift */ = {isa = PBXFileReference; fileEncoding = 4; lastKnownFileType = sourcecode.swift; path = VCMainWrapper.swift; sourceTree = "<group>"; };
		60953B958AE71CDDF8AED75D /* VCBarNavigation.swift */ = {isa = PBXFileReference; fileEncoding = 4; lastKnownFileType = sourcecode.swift; path = VCBarNavigation.swift; sourceTree = "<group>"; };
		60953E0C409C2428829CDEB5 /* PRContentView.swift */ = {isa = PBXFileReference; fileEncoding = 4; lastKnownFileType = sourcecode.swift; path = PRContentView.swift; sourceTree = "<group>"; };
		60953F084D1006CADD40E1CD /* VCMain.swift */ = {isa = PBXFileReference; fileEncoding = 4; lastKnownFileType = sourcecode.swift; path = VCMain.swift; sourceTree = "<group>"; };
		A862CDAA22DB9BFA00E4A874 /* Mohave-Regular.otf */ = {isa = PBXFileReference; lastKnownFileType = file; path = "Mohave-Regular.otf"; sourceTree = "<group>"; };
		A862CDAB22DB9BFA00E4A874 /* Mohave-Italic.otf */ = {isa = PBXFileReference; lastKnownFileType = file; path = "Mohave-Italic.otf"; sourceTree = "<group>"; };
		A862CDAC22DB9BFA00E4A874 /* Mohave-Bold.otf */ = {isa = PBXFileReference; lastKnownFileType = file; path = "Mohave-Bold.otf"; sourceTree = "<group>"; };
		A862CDAD22DB9BFA00E4A874 /* Mohave-BoldItalic.otf */ = {isa = PBXFileReference; lastKnownFileType = file; path = "Mohave-BoldItalic.otf"; sourceTree = "<group>"; };
		A862CDAE22DBB52A00E4A874 /* LaunchScreen.storyboard */ = {isa = PBXFileReference; fileEncoding = 4; lastKnownFileType = file.storyboard; path = LaunchScreen.storyboard; sourceTree = "<group>"; };
		A862CDB122DBB58900E4A874 /* DemoVectorLogo.pdf */ = {isa = PBXFileReference; lastKnownFileType = image.pdf; path = DemoVectorLogo.pdf; sourceTree = "<group>"; };
		A862CDB222DBB58900E4A874 /* DemoVectorTree.pdf */ = {isa = PBXFileReference; lastKnownFileType = image.pdf; path = DemoVectorTree.pdf; sourceTree = "<group>"; };
		A8A34B7922D0FDCB001ACBED /* Custom Navigation.app */ = {isa = PBXFileReference; explicitFileType = wrapper.application; includeInIndex = 0; path = "Custom Navigation.app"; sourceTree = BUILT_PRODUCTS_DIR; };
		A8A34B7C22D0FDCB001ACBED /* AppDelegate.swift */ = {isa = PBXFileReference; lastKnownFileType = sourcecode.swift; path = AppDelegate.swift; sourceTree = "<group>"; };
		A8A34B8322D0FDCB001ACBED /* Assets.xcassets */ = {isa = PBXFileReference; lastKnownFileType = folder.assetcatalog; path = Assets.xcassets; sourceTree = "<group>"; };
		A8A34B8822D0FDCB001ACBED /* Info.plist */ = {isa = PBXFileReference; lastKnownFileType = text.plist.xml; path = Info.plist; sourceTree = "<group>"; };
		A8C4453122DCA56F00D97D44 /* DemoButtonNormal.pdf */ = {isa = PBXFileReference; lastKnownFileType = image.pdf; path = DemoButtonNormal.pdf; sourceTree = "<group>"; };
		A8C4453222DCA56F00D97D44 /* DemoButtonPressed.pdf */ = {isa = PBXFileReference; lastKnownFileType = image.pdf; path = DemoButtonPressed.pdf; sourceTree = "<group>"; };
		A8F0E6D222DCB78C00BC376D /* MainHandler.swift */ = {isa = PBXFileReference; lastKnownFileType = sourcecode.swift; path = MainHandler.swift; sourceTree = "<group>"; };
/* End PBXFileReference section */

/* Begin PBXFrameworksBuildPhase section */
		A8A34B7622D0FDCB001ACBED /* Frameworks */ = {
			isa = PBXFrameworksBuildPhase;
			buildActionMask = 2147483647;
			files = (
			);
			runOnlyForDeploymentPostprocessing = 0;
		};
/* End PBXFrameworksBuildPhase section */

/* Begin PBXGroup section */
		6095381613665E7A7649F1CF /* Buttons */ = {
			isa = PBXGroup;
			children = (
				A8C4453122DCA56F00D97D44 /* DemoButtonNormal.pdf */,
				A8C4453222DCA56F00D97D44 /* DemoButtonPressed.pdf */,
			);
			path = Buttons;
			sourceTree = "<group>";
		};
		60953D7EC141C83B2EE9EC5E /* Definitions */ = {
			isa = PBXGroup;
			children = (
				609531E43E68EC98177CD487 /* ADEFFonts.swift */,
				6095329DE4DF85BCFA79758E /* ADEFColors.swift */,
			);
			path = Definitions;
			sourceTree = "<group>";
		};
		A862CDA222DB9A7100E4A874 /* Resources */ = {
			isa = PBXGroup;
			children = (
				A862CDA922DB9B9800E4A874 /* Images */,
				A862CDA822DB9B9200E4A874 /* Fonts */,
			);
			path = Resources;
			sourceTree = "<group>";
		};
		A862CDA822DB9B9200E4A874 /* Fonts */ = {
			isa = PBXGroup;
			children = (
				A862CDAC22DB9BFA00E4A874 /* Mohave-Bold.otf */,
				A862CDAD22DB9BFA00E4A874 /* Mohave-BoldItalic.otf */,
				A862CDAB22DB9BFA00E4A874 /* Mohave-Italic.otf */,
				A862CDAA22DB9BFA00E4A874 /* Mohave-Regular.otf */,
			);
			path = Fonts;
			sourceTree = "<group>";
		};
		A862CDA922DB9B9800E4A874 /* Images */ = {
			isa = PBXGroup;
			children = (
				A862CDB022DBB56300E4A874 /* LaunchScreen */,
				6095381613665E7A7649F1CF /* Buttons */,
			);
			path = Images;
			sourceTree = "<group>";
		};
		A862CDB022DBB56300E4A874 /* LaunchScreen */ = {
			isa = PBXGroup;
			children = (
				A862CDB122DBB58900E4A874 /* DemoVectorLogo.pdf */,
				A862CDB222DBB58900E4A874 /* DemoVectorTree.pdf */,
			);
			path = LaunchScreen;
			sourceTree = "<group>";
		};
		A8A34B7022D0FDCB001ACBED = {
			isa = PBXGroup;
			children = (
				A8A34B7B22D0FDCB001ACBED /* Custom Navigation */,
				A8A34B7A22D0FDCB001ACBED /* Products */,
			);
			sourceTree = "<group>";
		};
		A8A34B7A22D0FDCB001ACBED /* Products */ = {
			isa = PBXGroup;
			children = (
				A8A34B7922D0FDCB001ACBED /* Custom Navigation.app */,
			);
			name = Products;
			sourceTree = "<group>";
		};
		A8A34B7B22D0FDCB001ACBED /* Custom Navigation */ = {
			isa = PBXGroup;
			children = (
				60953D7EC141C83B2EE9EC5E /* Definitions */,
				A862CDA222DB9A7100E4A874 /* Resources */,
				A8C9ED5722DA3E8C00DB5E10 /* UI */,
				A8C9ED5622DA3E7C00DB5E10 /* ViewControllers */,
				A8C9ED5522DA3E7600DB5E10 /* Handlers */,
				A8A34B7C22D0FDCB001ACBED /* AppDelegate.swift */,
				A862CDAE22DBB52A00E4A874 /* LaunchScreen.storyboard */,
				A8A34B8322D0FDCB001ACBED /* Assets.xcassets */,
				A8A34B8822D0FDCB001ACBED /* Info.plist */,
			);
			path = "Custom Navigation";
			sourceTree = "<group>";
		};
		A8C9ED5522DA3E7600DB5E10 /* Handlers */ = {
			isa = PBXGroup;
			children = (
				A8F0E6D222DCB78C00BC376D /* MainHandler.swift */,
			);
			path = Handlers;
			sourceTree = "<group>";
		};
		A8C9ED5622DA3E7C00DB5E10 /* ViewControllers */ = {
			isa = PBXGroup;
			children = (
				60953F084D1006CADD40E1CD /* VCMain.swift */,
				60953A276F130DC5C338E843 /* VCMainWrapper.swift */,
				60953B958AE71CDDF8AED75D /* VCBarNavigation.swift */,
				60953442CBCEDD575F50C7F3 /* VCPage1.swift */,
				609534156DED8D23C2802A63 /* VCPage2.swift */,
				609538C178B18C8A010074EB /* VCPage3.swift */,
			);
			path = ViewControllers;
			sourceTree = "<group>";
		};
		A8C9ED5722DA3E8C00DB5E10 /* UI */ = {
			isa = PBXGroup;
			children = (
				A8C9ED5922DA3EA700DB5E10 /* Elements  */,
				A8C9ED5822DA3E9F00DB5E10 /* Primitives */,
			);
			path = UI;
			sourceTree = "<group>";
		};
		A8C9ED5822DA3E9F00DB5E10 /* Primitives */ = {
			isa = PBXGroup;
			children = (
				60953E0C409C2428829CDEB5 /* PRContentView.swift */,
				6095306D35D073153C5F90CE /* PRButton.swift */,
				609535DDB4C0C93C1ACA027A /* PRLabel.swift */,
			);
			path = Primitives;
			sourceTree = "<group>";
		};
		A8C9ED5922DA3EA700DB5E10 /* Elements  */ = {
			isa = PBXGroup;
			children = (
				609538FCF85488A6B71A017A /* ELButtonBarNavigation.swift */,
			);
			path = "Elements ";
			sourceTree = "<group>";
		};
/* End PBXGroup section */

/* Begin PBXNativeTarget section */
		A8A34B7822D0FDCB001ACBED /* Custom Navigation */ = {
			isa = PBXNativeTarget;
			buildConfigurationList = A8A34B8B22D0FDCB001ACBED /* Build configuration list for PBXNativeTarget "Custom Navigation" */;
			buildPhases = (
				A8A34B7522D0FDCB001ACBED /* Sources */,
				A8A34B7622D0FDCB001ACBED /* Frameworks */,
				A8A34B7722D0FDCB001ACBED /* Resources */,
			);
			buildRules = (
			);
			dependencies = (
			);
			name = "Custom Navigation";
			productName = "Custom Navigation";
			productReference = A8A34B7922D0FDCB001ACBED /* Custom Navigation.app */;
			productType = "com.apple.product-type.application";
		};
/* End PBXNativeTarget section */

/* Begin PBXProject section */
		A8A34B7122D0FDCB001ACBED /* Project object */ = {
			isa = PBXProject;
			attributes = {
				LastSwiftUpdateCheck = 1020;
				LastUpgradeCheck = 1020;
				ORGANIZATIONNAME = Arboreus;
				TargetAttributes = {
					A8A34B7822D0FDCB001ACBED = {
						CreatedOnToolsVersion = 10.2.1;
					};
				};
			};
			buildConfigurationList = A8A34B7422D0FDCB001ACBED /* Build configuration list for PBXProject "Custom Navigation" */;
			compatibilityVersion = "Xcode 9.3";
			developmentRegion = en;
			hasScannedForEncodings = 0;
			knownRegions = (
				en,
				Base,
			);
			mainGroup = A8A34B7022D0FDCB001ACBED;
			productRefGroup = A8A34B7A22D0FDCB001ACBED /* Products */;
			projectDirPath = "";
			projectRoot = "";
			targets = (
				A8A34B7822D0FDCB001ACBED /* Custom Navigation */,
			);
		};
/* End PBXProject section */

/* Begin PBXResourcesBuildPhase section */
		A8A34B7722D0FDCB001ACBED /* Resources */ = {
			isa = PBXResourcesBuildPhase;
			buildActionMask = 2147483647;
			files = (
				A8F0E6D122DCACB000BC376D /* Mohave-Regular.otf in Resources */,
				A8F0E6CF22DCACAB00BC376D /* Mohave-BoldItalic.otf in Resources */,
				A8A34B8422D0FDCB001ACBED /* Assets.xcassets in Resources */,
				A862CDB322DBB58900E4A874 /* DemoVectorLogo.pdf in Resources */,
				A8C4453422DCA56F00D97D44 /* DemoButtonPressed.pdf in Resources */,
				A8F0E6D022DCACAD00BC376D /* Mohave-Italic.otf in Resources */,
				A862CDB422DBB58900E4A874 /* DemoVectorTree.pdf in Resources */,
				A862CDAF22DBB52A00E4A874 /* LaunchScreen.storyboard in Resources */,
				A8F0E6CE22DCACA800BC376D /* Mohave-Bold.otf in Resources */,
				A8C4453322DCA56F00D97D44 /* DemoButtonNormal.pdf in Resources */,
			);
			runOnlyForDeploymentPostprocessing = 0;
		};
/* End PBXResourcesBuildPhase section */

/* Begin PBXSourcesBuildPhase section */
		A8A34B7522D0FDCB001ACBED /* Sources */ = {
			isa = PBXSourcesBuildPhase;
			buildActionMask = 2147483647;
			files = (
				A8A34B7D22D0FDCB001ACBED /* AppDelegate.swift in Sources */,
				60953023F28F903103BAB5B1 /* ADEFFonts.swift in Sources */,
				609530F32F8263E352907838 /* ADEFColors.swift in Sources */,
				6095374445BD7A3448924199 /* VCMain.swift in Sources */,
				60953F55EBCE37193CC328BC /* VCMainWrapper.swift in Sources */,
				60953C7079BE938EB8A76905 /* VCBarNavigation.swift in Sources */,
				609539A18D889CC7F2809D17 /* PRContentView.swift in Sources */,
				60953B7A46CF8365741D1533 /* VCPage1.swift in Sources */,
				60953B00CD0EF9849002097B /* VCPage2.swift in Sources */,
				A8F0E6D322DCB78C00BC376D /* MainHandler.swift in Sources */,
				60953199F5B92012DC19FB01 /* VCPage3.swift in Sources */,
				60953EDD58B39FAA86CA4F39 /* PRButton.swift in Sources */,
				60953F47912D02C37B4D0066 /* PRLabel.swift in Sources */,
				609536ADB06CA2C63B21AB60 /* ELButtonBarNavigation.swift in Sources */,
			);
			runOnlyForDeploymentPostprocessing = 0;
		};
/* End PBXSourcesBuildPhase section */

/* Begin XCBuildConfiguration section */
		A8A34B8922D0FDCB001ACBED /* Debug */ = {
			isa = XCBuildConfiguration;
			buildSettings = {
				ALWAYS_SEARCH_USER_PATHS = NO;
				CLANG_ANALYZER_NONNULL = YES;
				CLANG_ANALYZER_NUMBER_OBJECT_CONVERSION = YES_AGGRESSIVE;
				CLANG_CXX_LANGUAGE_STANDARD = "gnu++14";
				CLANG_CXX_LIBRARY = "libc++";
				CLANG_ENABLE_MODULES = YES;
				CLANG_ENABLE_OBJC_ARC = YES;
				CLANG_ENABLE_OBJC_WEAK = YES;
				CLANG_WARN_BLOCK_CAPTURE_AUTORELEASING = YES;
				CLANG_WARN_BOOL_CONVERSION = YES;
				CLANG_WARN_COMMA = YES;
				CLANG_WARN_CONSTANT_CONVERSION = YES;
				CLANG_WARN_DEPRECATED_OBJC_IMPLEMENTATIONS = YES;
				CLANG_WARN_DIRECT_OBJC_ISA_USAGE = YES_ERROR;
				CLANG_WARN_DOCUMENTATION_COMMENTS = YES;
				CLANG_WARN_EMPTY_BODY = YES;
				CLANG_WARN_ENUM_CONVERSION = YES;
				CLANG_WARN_INFINITE_RECURSION = YES;
				CLANG_WARN_INT_CONVERSION = YES;
				CLANG_WARN_NON_LITERAL_NULL_CONVERSION = YES;
				CLANG_WARN_OBJC_IMPLICIT_RETAIN_SELF = YES;
				CLANG_WARN_OBJC_LITERAL_CONVERSION = YES;
				CLANG_WARN_OBJC_ROOT_CLASS = YES_ERROR;
				CLANG_WARN_RANGE_LOOP_ANALYSIS = YES;
				CLANG_WARN_STRICT_PROTOTYPES = YES;
				CLANG_WARN_SUSPICIOUS_MOVE = YES;
				CLANG_WARN_UNGUARDED_AVAILABILITY = YES_AGGRESSIVE;
				CLANG_WARN_UNREACHABLE_CODE = YES;
				CLANG_WARN__DUPLICATE_METHOD_MATCH = YES;
				CODE_SIGN_IDENTITY = "iPhone Developer";
				COPY_PHASE_STRIP = NO;
				DEBUG_INFORMATION_FORMAT = dwarf;
				ENABLE_STRICT_OBJC_MSGSEND = YES;
				ENABLE_TESTABILITY = YES;
				GCC_C_LANGUAGE_STANDARD = gnu11;
				GCC_DYNAMIC_NO_PIC = NO;
				GCC_NO_COMMON_BLOCKS = YES;
				GCC_OPTIMIZATION_LEVEL = 0;
				GCC_PREPROCESSOR_DEFINITIONS = (
					"DEBUG=1",
					"$(inherited)",
				);
				GCC_WARN_64_TO_32_BIT_CONVERSION = YES;
				GCC_WARN_ABOUT_RETURN_TYPE = YES_ERROR;
				GCC_WARN_UNDECLARED_SELECTOR = YES;
				GCC_WARN_UNINITIALIZED_AUTOS = YES_AGGRESSIVE;
				GCC_WARN_UNUSED_FUNCTION = YES;
				GCC_WARN_UNUSED_VARIABLE = YES;
				IPHONEOS_DEPLOYMENT_TARGET = 12.2;
				MTL_ENABLE_DEBUG_INFO = INCLUDE_SOURCE;
				MTL_FAST_MATH = YES;
				ONLY_ACTIVE_ARCH = YES;
				SDKROOT = iphoneos;
				SWIFT_ACTIVE_COMPILATION_CONDITIONS = DEBUG;
				SWIFT_OPTIMIZATION_LEVEL = "-Onone";
			};
			name = Debug;
		};
		A8A34B8A22D0FDCB001ACBED /* Release */ = {
			isa = XCBuildConfiguration;
			buildSettings = {
				ALWAYS_SEARCH_USER_PATHS = NO;
				CLANG_ANALYZER_NONNULL = YES;
				CLANG_ANALYZER_NUMBER_OBJECT_CONVERSION = YES_AGGRESSIVE;
				CLANG_CXX_LANGUAGE_STANDARD = "gnu++14";
				CLANG_CXX_LIBRARY = "libc++";
				CLANG_ENABLE_MODULES = YES;
				CLANG_ENABLE_OBJC_ARC = YES;
				CLANG_ENABLE_OBJC_WEAK = YES;
				CLANG_WARN_BLOCK_CAPTURE_AUTORELEASING = YES;
				CLANG_WARN_BOOL_CONVERSION = YES;
				CLANG_WARN_COMMA = YES;
				CLANG_WARN_CONSTANT_CONVERSION = YES;
				CLANG_WARN_DEPRECATED_OBJC_IMPLEMENTATIONS = YES;
				CLANG_WARN_DIRECT_OBJC_ISA_USAGE = YES_ERROR;
				CLANG_WARN_DOCUMENTATION_COMMENTS = YES;
				CLANG_WARN_EMPTY_BODY = YES;
				CLANG_WARN_ENUM_CONVERSION = YES;
				CLANG_WARN_INFINITE_RECURSION = YES;
				CLANG_WARN_INT_CONVERSION = YES;
				CLANG_WARN_NON_LITERAL_NULL_CONVERSION = YES;
				CLANG_WARN_OBJC_IMPLICIT_RETAIN_SELF = YES;
				CLANG_WARN_OBJC_LITERAL_CONVERSION = YES;
				CLANG_WARN_OBJC_ROOT_CLASS = YES_ERROR;
				CLANG_WARN_RANGE_LOOP_ANALYSIS = YES;
				CLANG_WARN_STRICT_PROTOTYPES = YES;
				CLANG_WARN_SUSPICIOUS_MOVE = YES;
				CLANG_WARN_UNGUARDED_AVAILABILITY = YES_AGGRESSIVE;
				CLANG_WARN_UNREACHABLE_CODE = YES;
				CLANG_WARN__DUPLICATE_METHOD_MATCH = YES;
				CODE_SIGN_IDENTITY = "iPhone Developer";
				COPY_PHASE_STRIP = NO;
				DEBUG_INFORMATION_FORMAT = "dwarf-with-dsym";
				ENABLE_NS_ASSERTIONS = NO;
				ENABLE_STRICT_OBJC_MSGSEND = YES;
				GCC_C_LANGUAGE_STANDARD = gnu11;
				GCC_NO_COMMON_BLOCKS = YES;
				GCC_WARN_64_TO_32_BIT_CONVERSION = YES;
				GCC_WARN_ABOUT_RETURN_TYPE = YES_ERROR;
				GCC_WARN_UNDECLARED_SELECTOR = YES;
				GCC_WARN_UNINITIALIZED_AUTOS = YES_AGGRESSIVE;
				GCC_WARN_UNUSED_FUNCTION = YES;
				GCC_WARN_UNUSED_VARIABLE = YES;
				IPHONEOS_DEPLOYMENT_TARGET = 12.2;
				MTL_ENABLE_DEBUG_INFO = NO;
				MTL_FAST_MATH = YES;
				SDKROOT = iphoneos;
				SWIFT_COMPILATION_MODE = wholemodule;
				SWIFT_OPTIMIZATION_LEVEL = "-O";
				VALIDATE_PRODUCT = YES;
			};
			name = Release;
		};
		A8A34B8C22D0FDCB001ACBED /* Debug */ = {
			isa = XCBuildConfiguration;
			buildSettings = {
				ASSETCATALOG_COMPILER_APPICON_NAME = AppIcon;
				CODE_SIGN_STYLE = Automatic;
				DEVELOPMENT_TEAM = 4KVLMRJ2PM;
				INFOPLIST_FILE = "Custom Navigation/Info.plist";
				LD_RUNPATH_SEARCH_PATHS = (
					"$(inherited)",
					"@executable_path/Frameworks",
				);
				PRODUCT_BUNDLE_IDENTIFIER = "study.swift.Custom-Navigation";
				PRODUCT_NAME = "$(TARGET_NAME)";
				SWIFT_VERSION = 5.0;
				TARGETED_DEVICE_FAMILY = 1;
			};
			name = Debug;
		};
		A8A34B8D22D0FDCB001ACBED /* Release */ = {
			isa = XCBuildConfiguration;
			buildSettings = {
				ASSETCATALOG_COMPILER_APPICON_NAME = AppIcon;
				CODE_SIGN_STYLE = Automatic;
				DEVELOPMENT_TEAM = 4KVLMRJ2PM;
				INFOPLIST_FILE = "Custom Navigation/Info.plist";
				LD_RUNPATH_SEARCH_PATHS = (
					"$(inherited)",
					"@executable_path/Frameworks",
				);
				PRODUCT_BUNDLE_IDENTIFIER = "study.swift.Custom-Navigation";
				PRODUCT_NAME = "$(TARGET_NAME)";
				SWIFT_VERSION = 5.0;
				TARGETED_DEVICE_FAMILY = 1;
			};
			name = Release;
		};
/* End XCBuildConfiguration section */

/* Begin XCConfigurationList section */
		A8A34B7422D0FDCB001ACBED /* Build configuration list for PBXProject "Custom Navigation" */ = {
			isa = XCConfigurationList;
			buildConfigurations = (
				A8A34B8922D0FDCB001ACBED /* Debug */,
				A8A34B8A22D0FDCB001ACBED /* Release */,
			);
			defaultConfigurationIsVisible = 0;
			defaultConfigurationName = Release;
		};
		A8A34B8B22D0FDCB001ACBED /* Build configuration list for PBXNativeTarget "Custom Navigation" */ = {
			isa = XCConfigurationList;
			buildConfigurations = (
				A8A34B8C22D0FDCB001ACBED /* Debug */,
				A8A34B8D22D0FDCB001ACBED /* Release */,
			);
			defaultConfigurationIsVisible = 0;
			defaultConfigurationName = Release;
		};
/* End XCConfigurationList section */
	};
	rootObject = A8A34B7122D0FDCB001ACBED /* Project object */;
}
