// !$*UTF8*$!
{
	archiveVersion = 1;
	classes = {
	};
	objectVersion = 50;
	objects = {

/* Begin PBXBuildFile section */
		A8C5D9C022ABACF00027EA02 /* AppDelegate.m in Sources */ = {isa = PBXBuildFile; fileRef = A8C5D9BF22ABACF00027EA02 /* AppDelegate.m */; };
		A8C5D9C822ABACF10027EA02 /* Assets.xcassets in Resources */ = {isa = PBXBuildFile; fileRef = A8C5D9C722ABACF10027EA02 /* Assets.xcassets */; };
		A8C5D9CE22ABACF10027EA02 /* main.m in Sources */ = {isa = PBXBuildFile; fileRef = A8C5D9CD22ABACF10027EA02 /* main.m */; };
		A8C5D9D822ABACF10027EA02 /* GesturesTests.m in Sources */ = {isa = PBXBuildFile; fileRef = A8C5D9D722ABACF10027EA02 /* GesturesTests.m */; };
		A8C5D9E322ABACF10027EA02 /* GesturesUITests.m in Sources */ = {isa = PBXBuildFile; fileRef = A8C5D9E222ABACF10027EA02 /* GesturesUITests.m */; };
		A8C5D9F122ABAD1A0027EA02 /* Default-568h@2x.png in Resources */ = {isa = PBXBuildFile; fileRef = A8C5D9F022ABAD1A0027EA02 /* Default-568h@2x.png */; };
		A8C5D9FA22ABAE040027EA02 /* GestureViewController.m in Sources */ = {isa = PBXBuildFile; fileRef = A8C5D9F822ABAE040027EA02 /* GestureViewController.m */; };
		A8C5D9FB22ABAE040027EA02 /* GestureViewController.xib in Resources */ = {isa = PBXBuildFile; fileRef = A8C5D9F922ABAE040027EA02 /* GestureViewController.xib */; };
		A8C5D9FF22ABAE360027EA02 /* MainHandler.m in Sources */ = {isa = PBXBuildFile; fileRef = A8C5D9FE22ABAE360027EA02 /* MainHandler.m */; };
		A8C5DA0322ABBF110027EA02 /* Object.m in Sources */ = {isa = PBXBuildFile; fileRef = A8C5DA0222ABBF110027EA02 /* Object.m */; };
/* End PBXBuildFile section */

/* Begin PBXContainerItemProxy section */
		A8C5D9D422ABACF10027EA02 /* PBXContainerItemProxy */ = {
			isa = PBXContainerItemProxy;
			containerPortal = A8C5D9B322ABACF00027EA02 /* Project object */;
			proxyType = 1;
			remoteGlobalIDString = A8C5D9BA22ABACF00027EA02;
			remoteInfo = Gestures;
		};
		A8C5D9DF22ABACF10027EA02 /* PBXContainerItemProxy */ = {
			isa = PBXContainerItemProxy;
			containerPortal = A8C5D9B322ABACF00027EA02 /* Project object */;
			proxyType = 1;
			remoteGlobalIDString = A8C5D9BA22ABACF00027EA02;
			remoteInfo = Gestures;
		};
/* End PBXContainerItemProxy section */

/* Begin PBXFileReference section */
		A8C5D9BB22ABACF00027EA02 /* Gestures.app */ = {isa = PBXFileReference; explicitFileType = wrapper.application; includeInIndex = 0; path = Gestures.app; sourceTree = BUILT_PRODUCTS_DIR; };
		A8C5D9BE22ABACF00027EA02 /* AppDelegate.h */ = {isa = PBXFileReference; lastKnownFileType = sourcecode.c.h; path = AppDelegate.h; sourceTree = "<group>"; };
		A8C5D9BF22ABACF00027EA02 /* AppDelegate.m */ = {isa = PBXFileReference; lastKnownFileType = sourcecode.c.objc; path = AppDelegate.m; sourceTree = "<group>"; };
		A8C5D9C722ABACF10027EA02 /* Assets.xcassets */ = {isa = PBXFileReference; lastKnownFileType = folder.assetcatalog; path = Assets.xcassets; sourceTree = "<group>"; };
		A8C5D9CC22ABACF10027EA02 /* Info.plist */ = {isa = PBXFileReference; lastKnownFileType = text.plist.xml; path = Info.plist; sourceTree = "<group>"; };
		A8C5D9CD22ABACF10027EA02 /* main.m */ = {isa = PBXFileReference; lastKnownFileType = sourcecode.c.objc; path = main.m; sourceTree = "<group>"; };
		A8C5D9D322ABACF10027EA02 /* GesturesTests.xctest */ = {isa = PBXFileReference; explicitFileType = wrapper.cfbundle; includeInIndex = 0; path = GesturesTests.xctest; sourceTree = BUILT_PRODUCTS_DIR; };
		A8C5D9D722ABACF10027EA02 /* GesturesTests.m */ = {isa = PBXFileReference; lastKnownFileType = sourcecode.c.objc; path = GesturesTests.m; sourceTree = "<group>"; };
		A8C5D9D922ABACF10027EA02 /* Info.plist */ = {isa = PBXFileReference; lastKnownFileType = text.plist.xml; path = Info.plist; sourceTree = "<group>"; };
		A8C5D9DE22ABACF10027EA02 /* GesturesUITests.xctest */ = {isa = PBXFileReference; explicitFileType = wrapper.cfbundle; includeInIndex = 0; path = GesturesUITests.xctest; sourceTree = BUILT_PRODUCTS_DIR; };
		A8C5D9E222ABACF10027EA02 /* GesturesUITests.m */ = {isa = PBXFileReference; lastKnownFileType = sourcecode.c.objc; path = GesturesUITests.m; sourceTree = "<group>"; };
		A8C5D9E422ABACF10027EA02 /* Info.plist */ = {isa = PBXFileReference; lastKnownFileType = text.plist.xml; path = Info.plist; sourceTree = "<group>"; };
		A8C5D9F022ABAD1A0027EA02 /* Default-568h@2x.png */ = {isa = PBXFileReference; lastKnownFileType = image.png; path = "Default-568h@2x.png"; sourceTree = "<group>"; };
		A8C5D9F722ABAE040027EA02 /* GestureViewController.h */ = {isa = PBXFileReference; lastKnownFileType = sourcecode.c.h; path = GestureViewController.h; sourceTree = "<group>"; };
		A8C5D9F822ABAE040027EA02 /* GestureViewController.m */ = {isa = PBXFileReference; lastKnownFileType = sourcecode.c.objc; path = GestureViewController.m; sourceTree = "<group>"; };
		A8C5D9F922ABAE040027EA02 /* GestureViewController.xib */ = {isa = PBXFileReference; lastKnownFileType = file.xib; path = GestureViewController.xib; sourceTree = "<group>"; };
		A8C5D9FD22ABAE360027EA02 /* MainHandler.h */ = {isa = PBXFileReference; lastKnownFileType = sourcecode.c.h; path = MainHandler.h; sourceTree = "<group>"; };
		A8C5D9FE22ABAE360027EA02 /* MainHandler.m */ = {isa = PBXFileReference; lastKnownFileType = sourcecode.c.objc; path = MainHandler.m; sourceTree = "<group>"; };
		A8C5DA0122ABBF110027EA02 /* Object.h */ = {isa = PBXFileReference; lastKnownFileType = sourcecode.c.h; path = Object.h; sourceTree = "<group>"; };
		A8C5DA0222ABBF110027EA02 /* Object.m */ = {isa = PBXFileReference; lastKnownFileType = sourcecode.c.objc; path = Object.m; sourceTree = "<group>"; };
/* End PBXFileReference section */

/* Begin PBXFrameworksBuildPhase section */
		A8C5D9B822ABACF00027EA02 /* Frameworks */ = {
			isa = PBXFrameworksBuildPhase;
			buildActionMask = 2147483647;
			files = (
			);
			runOnlyForDeploymentPostprocessing = 0;
		};
		A8C5D9D022ABACF10027EA02 /* Frameworks */ = {
			isa = PBXFrameworksBuildPhase;
			buildActionMask = 2147483647;
			files = (
			);
			runOnlyForDeploymentPostprocessing = 0;
		};
		A8C5D9DB22ABACF10027EA02 /* Frameworks */ = {
			isa = PBXFrameworksBuildPhase;
			buildActionMask = 2147483647;
			files = (
			);
			runOnlyForDeploymentPostprocessing = 0;
		};
/* End PBXFrameworksBuildPhase section */

/* Begin PBXGroup section */
		A8C5D9B222ABACF00027EA02 = {
			isa = PBXGroup;
			children = (
				A8C5D9F022ABAD1A0027EA02 /* Default-568h@2x.png */,
				A8C5D9BD22ABACF00027EA02 /* Gestures */,
				A8C5D9D622ABACF10027EA02 /* GesturesTests */,
				A8C5D9E122ABACF10027EA02 /* GesturesUITests */,
				A8C5D9BC22ABACF00027EA02 /* Products */,
			);
			sourceTree = "<group>";
		};
		A8C5D9BC22ABACF00027EA02 /* Products */ = {
			isa = PBXGroup;
			children = (
				A8C5D9BB22ABACF00027EA02 /* Gestures.app */,
				A8C5D9D322ABACF10027EA02 /* GesturesTests.xctest */,
				A8C5D9DE22ABACF10027EA02 /* GesturesUITests.xctest */,
			);
			name = Products;
			sourceTree = "<group>";
		};
		A8C5D9BD22ABACF00027EA02 /* Gestures */ = {
			isa = PBXGroup;
			children = (
				A8C5DA0022ABBEB60027EA02 /* Objects */,
				A8C5D9FC22ABAE140027EA02 /* Handlers */,
				A8C5D9F522ABADE10027EA02 /* ViewControllers */,
				A8C5D9BE22ABACF00027EA02 /* AppDelegate.h */,
				A8C5D9BF22ABACF00027EA02 /* AppDelegate.m */,
				A8C5D9C722ABACF10027EA02 /* Assets.xcassets */,
				A8C5D9CC22ABACF10027EA02 /* Info.plist */,
				A8C5D9CD22ABACF10027EA02 /* main.m */,
			);
			path = Gestures;
			sourceTree = "<group>";
		};
		A8C5D9D622ABACF10027EA02 /* GesturesTests */ = {
			isa = PBXGroup;
			children = (
				A8C5D9D722ABACF10027EA02 /* GesturesTests.m */,
				A8C5D9D922ABACF10027EA02 /* Info.plist */,
			);
			path = GesturesTests;
			sourceTree = "<group>";
		};
		A8C5D9E122ABACF10027EA02 /* GesturesUITests */ = {
			isa = PBXGroup;
			children = (
				A8C5D9E222ABACF10027EA02 /* GesturesUITests.m */,
				A8C5D9E422ABACF10027EA02 /* Info.plist */,
			);
			path = GesturesUITests;
			sourceTree = "<group>";
		};
		A8C5D9F522ABADE10027EA02 /* ViewControllers */ = {
			isa = PBXGroup;
			children = (
				A8C5D9F722ABAE040027EA02 /* GestureViewController.h */,
				A8C5D9F822ABAE040027EA02 /* GestureViewController.m */,
				A8C5D9F922ABAE040027EA02 /* GestureViewController.xib */,
			);
			path = ViewControllers;
			sourceTree = "<group>";
		};
		A8C5D9FC22ABAE140027EA02 /* Handlers */ = {
			isa = PBXGroup;
			children = (
				A8C5D9FD22ABAE360027EA02 /* MainHandler.h */,
				A8C5D9FE22ABAE360027EA02 /* MainHandler.m */,
			);
			path = Handlers;
			sourceTree = "<group>";
		};
		A8C5DA0022ABBEB60027EA02 /* Objects */ = {
			isa = PBXGroup;
			children = (
				A8C5DA0122ABBF110027EA02 /* Object.h */,
				A8C5DA0222ABBF110027EA02 /* Object.m */,
			);
			path = Objects;
			sourceTree = "<group>";
		};
/* End PBXGroup section */

/* Begin PBXNativeTarget section */
		A8C5D9BA22ABACF00027EA02 /* Gestures */ = {
			isa = PBXNativeTarget;
			buildConfigurationList = A8C5D9E722ABACF10027EA02 /* Build configuration list for PBXNativeTarget "Gestures" */;
			buildPhases = (
				A8C5D9B722ABACF00027EA02 /* Sources */,
				A8C5D9B822ABACF00027EA02 /* Frameworks */,
				A8C5D9B922ABACF00027EA02 /* Resources */,
			);
			buildRules = (
			);
			dependencies = (
			);
			name = Gestures;
			productName = Gestures;
			productReference = A8C5D9BB22ABACF00027EA02 /* Gestures.app */;
			productType = "com.apple.product-type.application";
		};
		A8C5D9D222ABACF10027EA02 /* GesturesTests */ = {
			isa = PBXNativeTarget;
			buildConfigurationList = A8C5D9EA22ABACF10027EA02 /* Build configuration list for PBXNativeTarget "GesturesTests" */;
			buildPhases = (
				A8C5D9CF22ABACF10027EA02 /* Sources */,
				A8C5D9D022ABACF10027EA02 /* Frameworks */,
				A8C5D9D122ABACF10027EA02 /* Resources */,
			);
			buildRules = (
			);
			dependencies = (
				A8C5D9D522ABACF10027EA02 /* PBXTargetDependency */,
			);
			name = GesturesTests;
			productName = GesturesTests;
			productReference = A8C5D9D322ABACF10027EA02 /* GesturesTests.xctest */;
			productType = "com.apple.product-type.bundle.unit-test";
		};
		A8C5D9DD22ABACF10027EA02 /* GesturesUITests */ = {
			isa = PBXNativeTarget;
			buildConfigurationList = A8C5D9ED22ABACF10027EA02 /* Build configuration list for PBXNativeTarget "GesturesUITests" */;
			buildPhases = (
				A8C5D9DA22ABACF10027EA02 /* Sources */,
				A8C5D9DB22ABACF10027EA02 /* Frameworks */,
				A8C5D9DC22ABACF10027EA02 /* Resources */,
			);
			buildRules = (
			);
			dependencies = (
				A8C5D9E022ABACF10027EA02 /* PBXTargetDependency */,
			);
			name = GesturesUITests;
			productName = GesturesUITests;
			productReference = A8C5D9DE22ABACF10027EA02 /* GesturesUITests.xctest */;
			productType = "com.apple.product-type.bundle.ui-testing";
		};
/* End PBXNativeTarget section */

/* Begin PBXProject section */
		A8C5D9B322ABACF00027EA02 /* Project object */ = {
			isa = PBXProject;
			attributes = {
				LastUpgradeCheck = 1020;
				ORGANIZATIONNAME = none;
				TargetAttributes = {
					A8C5D9BA22ABACF00027EA02 = {
						CreatedOnToolsVersion = 10.2.1;
					};
					A8C5D9D222ABACF10027EA02 = {
						CreatedOnToolsVersion = 10.2.1;
						TestTargetID = A8C5D9BA22ABACF00027EA02;
					};
					A8C5D9DD22ABACF10027EA02 = {
						CreatedOnToolsVersion = 10.2.1;
						TestTargetID = A8C5D9BA22ABACF00027EA02;
					};
				};
			};
			buildConfigurationList = A8C5D9B622ABACF00027EA02 /* Build configuration list for PBXProject "Gestures" */;
			compatibilityVersion = "Xcode 9.3";
			developmentRegion = en;
			hasScannedForEncodings = 0;
			knownRegions = (
				en,
				Base,
			);
			mainGroup = A8C5D9B222ABACF00027EA02;
			productRefGroup = A8C5D9BC22ABACF00027EA02 /* Products */;
			projectDirPath = "";
			projectRoot = "";
			targets = (
				A8C5D9BA22ABACF00027EA02 /* Gestures */,
				A8C5D9D222ABACF10027EA02 /* GesturesTests */,
				A8C5D9DD22ABACF10027EA02 /* GesturesUITests */,
			);
		};
/* End PBXProject section */

/* Begin PBXResourcesBuildPhase section */
		A8C5D9B922ABACF00027EA02 /* Resources */ = {
			isa = PBXResourcesBuildPhase;
			buildActionMask = 2147483647;
			files = (
				A8C5D9FB22ABAE040027EA02 /* GestureViewController.xib in Resources */,
				A8C5D9C822ABACF10027EA02 /* Assets.xcassets in Resources */,
				A8C5D9F122ABAD1A0027EA02 /* Default-568h@2x.png in Resources */,
			);
			runOnlyForDeploymentPostprocessing = 0;
		};
		A8C5D9D122ABACF10027EA02 /* Resources */ = {
			isa = PBXResourcesBuildPhase;
			buildActionMask = 2147483647;
			files = (
			);
			runOnlyForDeploymentPostprocessing = 0;
		};
		A8C5D9DC22ABACF10027EA02 /* Resources */ = {
			isa = PBXResourcesBuildPhase;
			buildActionMask = 2147483647;
			files = (
			);
			runOnlyForDeploymentPostprocessing = 0;
		};
/* End PBXResourcesBuildPhase section */

/* Begin PBXSourcesBuildPhase section */
		A8C5D9B722ABACF00027EA02 /* Sources */ = {
			isa = PBXSourcesBuildPhase;
			buildActionMask = 2147483647;
			files = (
				A8C5D9FA22ABAE040027EA02 /* GestureViewController.m in Sources */,
				A8C5D9CE22ABACF10027EA02 /* main.m in Sources */,
				A8C5D9C022ABACF00027EA02 /* AppDelegate.m in Sources */,
				A8C5DA0322ABBF110027EA02 /* Object.m in Sources */,
				A8C5D9FF22ABAE360027EA02 /* MainHandler.m in Sources */,
			);
			runOnlyForDeploymentPostprocessing = 0;
		};
		A8C5D9CF22ABACF10027EA02 /* Sources */ = {
			isa = PBXSourcesBuildPhase;
			buildActionMask = 2147483647;
			files = (
				A8C5D9D822ABACF10027EA02 /* GesturesTests.m in Sources */,
			);
			runOnlyForDeploymentPostprocessing = 0;
		};
		A8C5D9DA22ABACF10027EA02 /* Sources */ = {
			isa = PBXSourcesBuildPhase;
			buildActionMask = 2147483647;
			files = (
				A8C5D9E322ABACF10027EA02 /* GesturesUITests.m in Sources */,
			);
			runOnlyForDeploymentPostprocessing = 0;
		};
/* End PBXSourcesBuildPhase section */

/* Begin PBXTargetDependency section */
		A8C5D9D522ABACF10027EA02 /* PBXTargetDependency */ = {
			isa = PBXTargetDependency;
			target = A8C5D9BA22ABACF00027EA02 /* Gestures */;
			targetProxy = A8C5D9D422ABACF10027EA02 /* PBXContainerItemProxy */;
		};
		A8C5D9E022ABACF10027EA02 /* PBXTargetDependency */ = {
			isa = PBXTargetDependency;
			target = A8C5D9BA22ABACF00027EA02 /* Gestures */;
			targetProxy = A8C5D9DF22ABACF10027EA02 /* PBXContainerItemProxy */;
		};
/* End PBXTargetDependency section */

/* Begin XCBuildConfiguration section */
		A8C5D9E522ABACF10027EA02 /* Debug */ = {
			isa = XCBuildConfiguration;
			buildSettings = {
				ALWAYS_SEARCH_USER_PATHS = NO;
				CLANG_ANALYZER_NONNULL = YES;
				CLANG_ANALYZER_NUMBER_OBJECT_CONVERSION = YES_AGGRESSIVE;
				CLANG_CXX_LANGUAGE_STANDARD = "gnu++14";
				CLANG_CXX_LIBRARY = "libc++";
				CLANG_ENABLE_MODULES = YES;
				CLANG_ENABLE_OBJC_ARC = YES;
				CLANG_ENABLE_OBJC_WEAK = YES;
				CLANG_WARN_BLOCK_CAPTURE_AUTORELEASING = YES;
				CLANG_WARN_BOOL_CONVERSION = YES;
				CLANG_WARN_COMMA = YES;
				CLANG_WARN_CONSTANT_CONVERSION = YES;
				CLANG_WARN_DEPRECATED_OBJC_IMPLEMENTATIONS = YES;
				CLANG_WARN_DIRECT_OBJC_ISA_USAGE = YES_ERROR;
				CLANG_WARN_DOCUMENTATION_COMMENTS = YES;
				CLANG_WARN_EMPTY_BODY = YES;
				CLANG_WARN_ENUM_CONVERSION = YES;
				CLANG_WARN_INFINITE_RECURSION = YES;
				CLANG_WARN_INT_CONVERSION = YES;
				CLANG_WARN_NON_LITERAL_NULL_CONVERSION = YES;
				CLANG_WARN_OBJC_IMPLICIT_RETAIN_SELF = YES;
				CLANG_WARN_OBJC_LITERAL_CONVERSION = YES;
				CLANG_WARN_OBJC_ROOT_CLASS = YES_ERROR;
				CLANG_WARN_RANGE_LOOP_ANALYSIS = YES;
				CLANG_WARN_STRICT_PROTOTYPES = YES;
				CLANG_WARN_SUSPICIOUS_MOVE = YES;
				CLANG_WARN_UNGUARDED_AVAILABILITY = YES_AGGRESSIVE;
				CLANG_WARN_UNREACHABLE_CODE = YES;
				CLANG_WARN__DUPLICATE_METHOD_MATCH = YES;
				CODE_SIGN_IDENTITY = "iPhone Developer";
				COPY_PHASE_STRIP = NO;
				DEBUG_INFORMATION_FORMAT = dwarf;
				ENABLE_STRICT_OBJC_MSGSEND = YES;
				ENABLE_TESTABILITY = YES;
				GCC_C_LANGUAGE_STANDARD = gnu11;
				GCC_DYNAMIC_NO_PIC = NO;
				GCC_NO_COMMON_BLOCKS = YES;
				GCC_OPTIMIZATION_LEVEL = 0;
				GCC_PREPROCESSOR_DEFINITIONS = (
					"DEBUG=1",
					"$(inherited)",
				);
				GCC_WARN_64_TO_32_BIT_CONVERSION = YES;
				GCC_WARN_ABOUT_RETURN_TYPE = YES_ERROR;
				GCC_WARN_UNDECLARED_SELECTOR = YES;
				GCC_WARN_UNINITIALIZED_AUTOS = YES_AGGRESSIVE;
				GCC_WARN_UNUSED_FUNCTION = YES;
				GCC_WARN_UNUSED_VARIABLE = YES;
				IPHONEOS_DEPLOYMENT_TARGET = 12.2;
				MTL_ENABLE_DEBUG_INFO = INCLUDE_SOURCE;
				MTL_FAST_MATH = YES;
				ONLY_ACTIVE_ARCH = YES;
				SDKROOT = iphoneos;
			};
			name = Debug;
		};
		A8C5D9E622ABACF10027EA02 /* Release */ = {
			isa = XCBuildConfiguration;
			buildSettings = {
				ALWAYS_SEARCH_USER_PATHS = NO;
				CLANG_ANALYZER_NONNULL = YES;
				CLANG_ANALYZER_NUMBER_OBJECT_CONVERSION = YES_AGGRESSIVE;
				CLANG_CXX_LANGUAGE_STANDARD = "gnu++14";
				CLANG_CXX_LIBRARY = "libc++";
				CLANG_ENABLE_MODULES = YES;
				CLANG_ENABLE_OBJC_ARC = YES;
				CLANG_ENABLE_OBJC_WEAK = YES;
				CLANG_WARN_BLOCK_CAPTURE_AUTORELEASING = YES;
				CLANG_WARN_BOOL_CONVERSION = YES;
				CLANG_WARN_COMMA = YES;
				CLANG_WARN_CONSTANT_CONVERSION = YES;
				CLANG_WARN_DEPRECATED_OBJC_IMPLEMENTATIONS = YES;
				CLANG_WARN_DIRECT_OBJC_ISA_USAGE = YES_ERROR;
				CLANG_WARN_DOCUMENTATION_COMMENTS = YES;
				CLANG_WARN_EMPTY_BODY = YES;
				CLANG_WARN_ENUM_CONVERSION = YES;
				CLANG_WARN_INFINITE_RECURSION = YES;
				CLANG_WARN_INT_CONVERSION = YES;
				CLANG_WARN_NON_LITERAL_NULL_CONVERSION = YES;
				CLANG_WARN_OBJC_IMPLICIT_RETAIN_SELF = YES;
				CLANG_WARN_OBJC_LITERAL_CONVERSION = YES;
				CLANG_WARN_OBJC_ROOT_CLASS = YES_ERROR;
				CLANG_WARN_RANGE_LOOP_ANALYSIS = YES;
				CLANG_WARN_STRICT_PROTOTYPES = YES;
				CLANG_WARN_SUSPICIOUS_MOVE = YES;
				CLANG_WARN_UNGUARDED_AVAILABILITY = YES_AGGRESSIVE;
				CLANG_WARN_UNREACHABLE_CODE = YES;
				CLANG_WARN__DUPLICATE_METHOD_MATCH = YES;
				CODE_SIGN_IDENTITY = "iPhone Developer";
				COPY_PHASE_STRIP = NO;
				DEBUG_INFORMATION_FORMAT = "dwarf-with-dsym";
				ENABLE_NS_ASSERTIONS = NO;
				ENABLE_STRICT_OBJC_MSGSEND = YES;
				GCC_C_LANGUAGE_STANDARD = gnu11;
				GCC_NO_COMMON_BLOCKS = YES;
				GCC_WARN_64_TO_32_BIT_CONVERSION = YES;
				GCC_WARN_ABOUT_RETURN_TYPE = YES_ERROR;
				GCC_WARN_UNDECLARED_SELECTOR = YES;
				GCC_WARN_UNINITIALIZED_AUTOS = YES_AGGRESSIVE;
				GCC_WARN_UNUSED_FUNCTION = YES;
				GCC_WARN_UNUSED_VARIABLE = YES;
				IPHONEOS_DEPLOYMENT_TARGET = 12.2;
				MTL_ENABLE_DEBUG_INFO = NO;
				MTL_FAST_MATH = YES;
				SDKROOT = iphoneos;
				VALIDATE_PRODUCT = YES;
			};
			name = Release;
		};
		A8C5D9E822ABACF10027EA02 /* Debug */ = {
			isa = XCBuildConfiguration;
			buildSettings = {
				ASSETCATALOG_COMPILER_APPICON_NAME = AppIcon;
				CODE_SIGN_STYLE = Automatic;
				DEVELOPMENT_TEAM = "";
				INFOPLIST_FILE = Gestures/Info.plist;
				LD_RUNPATH_SEARCH_PATHS = (
					"$(inherited)",
					"@executable_path/Frameworks",
				);
				PRODUCT_BUNDLE_IDENTIFIER = "Objective-c.Study.Gestures";
				PRODUCT_NAME = "$(TARGET_NAME)";
				TARGETED_DEVICE_FAMILY = 1;
			};
			name = Debug;
		};
		A8C5D9E922ABACF10027EA02 /* Release */ = {
			isa = XCBuildConfiguration;
			buildSettings = {
				ASSETCATALOG_COMPILER_APPICON_NAME = AppIcon;
				CODE_SIGN_STYLE = Automatic;
				DEVELOPMENT_TEAM = "";
				INFOPLIST_FILE = Gestures/Info.plist;
				LD_RUNPATH_SEARCH_PATHS = (
					"$(inherited)",
					"@executable_path/Frameworks",
				);
				PRODUCT_BUNDLE_IDENTIFIER = "Objective-c.Study.Gestures";
				PRODUCT_NAME = "$(TARGET_NAME)";
				TARGETED_DEVICE_FAMILY = 1;
			};
			name = Release;
		};
		A8C5D9EB22ABACF10027EA02 /* Debug */ = {
			isa = XCBuildConfiguration;
			buildSettings = {
				BUNDLE_LOADER = "$(TEST_HOST)";
				CODE_SIGN_STYLE = Automatic;
				DEVELOPMENT_TEAM = 4KVLMRJ2PM;
				INFOPLIST_FILE = GesturesTests/Info.plist;
				LD_RUNPATH_SEARCH_PATHS = (
					"$(inherited)",
					"@executable_path/Frameworks",
					"@loader_path/Frameworks",
				);
				PRODUCT_BUNDLE_IDENTIFIER = "Objective-c.Study.GesturesTests";
				PRODUCT_NAME = "$(TARGET_NAME)";
				TARGETED_DEVICE_FAMILY = "1,2";
				TEST_HOST = "$(BUILT_PRODUCTS_DIR)/Gestures.app/Gestures";
			};
			name = Debug;
		};
		A8C5D9EC22ABACF10027EA02 /* Release */ = {
			isa = XCBuildConfiguration;
			buildSettings = {
				BUNDLE_LOADER = "$(TEST_HOST)";
				CODE_SIGN_STYLE = Automatic;
				DEVELOPMENT_TEAM = 4KVLMRJ2PM;
				INFOPLIST_FILE = GesturesTests/Info.plist;
				LD_RUNPATH_SEARCH_PATHS = (
					"$(inherited)",
					"@executable_path/Frameworks",
					"@loader_path/Frameworks",
				);
				PRODUCT_BUNDLE_IDENTIFIER = "Objective-c.Study.GesturesTests";
				PRODUCT_NAME = "$(TARGET_NAME)";
				TARGETED_DEVICE_FAMILY = "1,2";
				TEST_HOST = "$(BUILT_PRODUCTS_DIR)/Gestures.app/Gestures";
			};
			name = Release;
		};
		A8C5D9EE22ABACF10027EA02 /* Debug */ = {
			isa = XCBuildConfiguration;
			buildSettings = {
				CODE_SIGN_STYLE = Automatic;
				DEVELOPMENT_TEAM = 4KVLMRJ2PM;
				INFOPLIST_FILE = GesturesUITests/Info.plist;
				LD_RUNPATH_SEARCH_PATHS = (
					"$(inherited)",
					"@executable_path/Frameworks",
					"@loader_path/Frameworks",
				);
				PRODUCT_BUNDLE_IDENTIFIER = "Objective-c.Study.GesturesUITests";
				PRODUCT_NAME = "$(TARGET_NAME)";
				TARGETED_DEVICE_FAMILY = "1,2";
				TEST_TARGET_NAME = Gestures;
			};
			name = Debug;
		};
		A8C5D9EF22ABACF10027EA02 /* Release */ = {
			isa = XCBuildConfiguration;
			buildSettings = {
				CODE_SIGN_STYLE = Automatic;
				DEVELOPMENT_TEAM = 4KVLMRJ2PM;
				INFOPLIST_FILE = GesturesUITests/Info.plist;
				LD_RUNPATH_SEARCH_PATHS = (
					"$(inherited)",
					"@executable_path/Frameworks",
					"@loader_path/Frameworks",
				);
				PRODUCT_BUNDLE_IDENTIFIER = "Objective-c.Study.GesturesUITests";
				PRODUCT_NAME = "$(TARGET_NAME)";
				TARGETED_DEVICE_FAMILY = "1,2";
				TEST_TARGET_NAME = Gestures;
			};
			name = Release;
		};
/* End XCBuildConfiguration section */

/* Begin XCConfigurationList section */
		A8C5D9B622ABACF00027EA02 /* Build configuration list for PBXProject "Gestures" */ = {
			isa = XCConfigurationList;
			buildConfigurations = (
				A8C5D9E522ABACF10027EA02 /* Debug */,
				A8C5D9E622ABACF10027EA02 /* Release */,
			);
			defaultConfigurationIsVisible = 0;
			defaultConfigurationName = Release;
		};
		A8C5D9E722ABACF10027EA02 /* Build configuration list for PBXNativeTarget "Gestures" */ = {
			isa = XCConfigurationList;
			buildConfigurations = (
				A8C5D9E822ABACF10027EA02 /* Debug */,
				A8C5D9E922ABACF10027EA02 /* Release */,
			);
			defaultConfigurationIsVisible = 0;
			defaultConfigurationName = Release;
		};
		A8C5D9EA22ABACF10027EA02 /* Build configuration list for PBXNativeTarget "GesturesTests" */ = {
			isa = XCConfigurationList;
			buildConfigurations = (
				A8C5D9EB22ABACF10027EA02 /* Debug */,
				A8C5D9EC22ABACF10027EA02 /* Release */,
			);
			defaultConfigurationIsVisible = 0;
			defaultConfigurationName = Release;
		};
		A8C5D9ED22ABACF10027EA02 /* Build configuration list for PBXNativeTarget "GesturesUITests" */ = {
			isa = XCConfigurationList;
			buildConfigurations = (
				A8C5D9EE22ABACF10027EA02 /* Debug */,
				A8C5D9EF22ABACF10027EA02 /* Release */,
			);
			defaultConfigurationIsVisible = 0;
			defaultConfigurationName = Release;
		};
/* End XCConfigurationList section */
	};
	rootObject = A8C5D9B322ABACF00027EA02 /* Project object */;
}
