// !$*UTF8*$!
{
	archiveVersion = 1;
	classes = {
	};
	objectVersion = 50;
	objects = {

/* Begin PBXBuildFile section */
		6095320C3FD4AEF25F40C282 /* ObjectInstance.m in Sources */ = {isa = PBXBuildFile; fileRef = 609539F0887D17D778FADE93 /* ObjectInstance.m */; };
		6095334CC7B1E060A5752925 /* MainViewController.m in Sources */ = {isa = PBXBuildFile; fileRef = 609533DB9A4F0E65CB72D34D /* MainViewController.m */; };
		609533FBC305FE2EC6B6D02A /* ObjectBuilder.m in Sources */ = {isa = PBXBuildFile; fileRef = 60953BD13936402590F4E0A7 /* ObjectBuilder.m */; };
		60953563A36919C57C7166EC /* MainViewController.xib in Resources */ = {isa = PBXBuildFile; fileRef = 60953504CDACDCCE8F74B94C /* MainViewController.xib */; };
		609539B97F712A470FF9C52F /* Singleton.m in Sources */ = {isa = PBXBuildFile; fileRef = 609530FFCC08696364F301CA /* Singleton.m */; };
		60953FE01AC57D2F10F6C362 /* Handler.m in Sources */ = {isa = PBXBuildFile; fileRef = 6095321501B414EA8EF8E122 /* Handler.m */; };
		A894562122C2A85000AD36F3 /* AppDelegate.m in Sources */ = {isa = PBXBuildFile; fileRef = A894562022C2A85000AD36F3 /* AppDelegate.m */; };
		A894562922C2A85100AD36F3 /* Assets.xcassets in Resources */ = {isa = PBXBuildFile; fileRef = A894562822C2A85100AD36F3 /* Assets.xcassets */; };
		A894562F22C2A85100AD36F3 /* main.m in Sources */ = {isa = PBXBuildFile; fileRef = A894562E22C2A85100AD36F3 /* main.m */; };
		A894563922C2A8A000AD36F3 /* Default-568h@2x.png in Resources */ = {isa = PBXBuildFile; fileRef = A894563822C2A8A000AD36F3 /* Default-568h@2x.png */; };
/* End PBXBuildFile section */

/* Begin PBXFileReference section */
		609530FFCC08696364F301CA /* Singleton.m */ = {isa = PBXFileReference; fileEncoding = 4; lastKnownFileType = sourcecode.c.objc; path = Singleton.m; sourceTree = "<group>"; };
		6095321501B414EA8EF8E122 /* Handler.m */ = {isa = PBXFileReference; fileEncoding = 4; lastKnownFileType = sourcecode.c.objc; path = Handler.m; sourceTree = "<group>"; };
		6095333F71C92AF8EF9BEF4A /* ObjectInstance.h */ = {isa = PBXFileReference; fileEncoding = 4; lastKnownFileType = sourcecode.c.h; path = ObjectInstance.h; sourceTree = "<group>"; };
		609533DB9A4F0E65CB72D34D /* MainViewController.m */ = {isa = PBXFileReference; fileEncoding = 4; lastKnownFileType = sourcecode.c.objc; path = MainViewController.m; sourceTree = "<group>"; };
		60953504CDACDCCE8F74B94C /* MainViewController.xib */ = {isa = PBXFileReference; lastKnownFileType = file.xib; path = MainViewController.xib; sourceTree = "<group>"; };
		60953666868EA1C72722F4A8 /* Handler.h */ = {isa = PBXFileReference; fileEncoding = 4; lastKnownFileType = sourcecode.c.h; path = Handler.h; sourceTree = "<group>"; };
		6095387420D611FD171481DA /* ObjectBuilder.h */ = {isa = PBXFileReference; fileEncoding = 4; lastKnownFileType = sourcecode.c.h; path = ObjectBuilder.h; sourceTree = "<group>"; };
		609539B9C8FF1DECFC9013EF /* Singleton.h */ = {isa = PBXFileReference; fileEncoding = 4; lastKnownFileType = sourcecode.c.h; path = Singleton.h; sourceTree = "<group>"; };
		609539F0887D17D778FADE93 /* ObjectInstance.m */ = {isa = PBXFileReference; fileEncoding = 4; lastKnownFileType = sourcecode.c.objc; path = ObjectInstance.m; sourceTree = "<group>"; };
		60953BD13936402590F4E0A7 /* ObjectBuilder.m */ = {isa = PBXFileReference; fileEncoding = 4; lastKnownFileType = sourcecode.c.objc; path = ObjectBuilder.m; sourceTree = "<group>"; };
		60953CF2C722C729FAEE53FF /* MainViewController.h */ = {isa = PBXFileReference; fileEncoding = 4; lastKnownFileType = sourcecode.c.h; path = MainViewController.h; sourceTree = "<group>"; };
		A894561C22C2A85000AD36F3 /* OOP.app */ = {isa = PBXFileReference; explicitFileType = wrapper.application; includeInIndex = 0; path = OOP.app; sourceTree = BUILT_PRODUCTS_DIR; };
		A894561F22C2A85000AD36F3 /* AppDelegate.h */ = {isa = PBXFileReference; lastKnownFileType = sourcecode.c.h; path = AppDelegate.h; sourceTree = "<group>"; };
		A894562022C2A85000AD36F3 /* AppDelegate.m */ = {isa = PBXFileReference; lastKnownFileType = sourcecode.c.objc; path = AppDelegate.m; sourceTree = "<group>"; };
		A894562822C2A85100AD36F3 /* Assets.xcassets */ = {isa = PBXFileReference; lastKnownFileType = folder.assetcatalog; path = Assets.xcassets; sourceTree = "<group>"; };
		A894562D22C2A85100AD36F3 /* Info.plist */ = {isa = PBXFileReference; lastKnownFileType = text.plist.xml; path = Info.plist; sourceTree = "<group>"; };
		A894562E22C2A85100AD36F3 /* main.m */ = {isa = PBXFileReference; lastKnownFileType = sourcecode.c.objc; path = main.m; sourceTree = "<group>"; };
		A894563822C2A8A000AD36F3 /* Default-568h@2x.png */ = {isa = PBXFileReference; lastKnownFileType = image.png; path = "Default-568h@2x.png"; sourceTree = "<group>"; };
/* End PBXFileReference section */

/* Begin PBXFrameworksBuildPhase section */
		A894561922C2A85000AD36F3 /* Frameworks */ = {
			isa = PBXFrameworksBuildPhase;
			buildActionMask = 2147483647;
			files = (
			);
			runOnlyForDeploymentPostprocessing = 0;
		};
/* End PBXFrameworksBuildPhase section */

/* Begin PBXGroup section */
		6095310F8B257A87A2591321 /* Builder */ = {
			isa = PBXGroup;
			children = (
				6095387420D611FD171481DA /* ObjectBuilder.h */,
				60953BD13936402590F4E0A7 /* ObjectBuilder.m */,
				6095333F71C92AF8EF9BEF4A /* ObjectInstance.h */,
				609539F0887D17D778FADE93 /* ObjectInstance.m */,
			);
			path = Builder;
			sourceTree = "<group>";
		};
		60953A1FC968B4F29A9CA84F /* Singleton */ = {
			isa = PBXGroup;
			children = (
				609539B9C8FF1DECFC9013EF /* Singleton.h */,
				609530FFCC08696364F301CA /* Singleton.m */,
			);
			path = Singleton;
			sourceTree = "<group>";
		};
		A894561322C2A85000AD36F3 = {
			isa = PBXGroup;
			children = (
				A894563822C2A8A000AD36F3 /* Default-568h@2x.png */,
				A894561E22C2A85000AD36F3 /* OOP */,
				A894561D22C2A85000AD36F3 /* Products */,
			);
			sourceTree = "<group>";
		};
		A894561D22C2A85000AD36F3 /* Products */ = {
			isa = PBXGroup;
			children = (
				A894561C22C2A85000AD36F3 /* OOP.app */,
			);
			name = Products;
			sourceTree = "<group>";
		};
		A894561E22C2A85000AD36F3 /* OOP */ = {
			isa = PBXGroup;
			children = (
				A894563722C2A88A00AD36F3 /* Classes */,
				A894563622C2A87C00AD36F3 /* ViewControllers */,
				A894563522C2A87200AD36F3 /* Handlers */,
				A894561F22C2A85000AD36F3 /* AppDelegate.h */,
				A894562022C2A85000AD36F3 /* AppDelegate.m */,
				A894562822C2A85100AD36F3 /* Assets.xcassets */,
				A894562D22C2A85100AD36F3 /* Info.plist */,
				A894562E22C2A85100AD36F3 /* main.m */,
			);
			path = OOP;
			sourceTree = "<group>";
		};
		A894563522C2A87200AD36F3 /* Handlers */ = {
			isa = PBXGroup;
			children = (
				60953666868EA1C72722F4A8 /* Handler.h */,
				6095321501B414EA8EF8E122 /* Handler.m */,
			);
			path = Handlers;
			sourceTree = "<group>";
		};
		A894563622C2A87C00AD36F3 /* ViewControllers */ = {
			isa = PBXGroup;
			children = (
				60953CF2C722C729FAEE53FF /* MainViewController.h */,
				609533DB9A4F0E65CB72D34D /* MainViewController.m */,
				60953504CDACDCCE8F74B94C /* MainViewController.xib */,
			);
			path = ViewControllers;
			sourceTree = "<group>";
		};
		A894563722C2A88A00AD36F3 /* Classes */ = {
			isa = PBXGroup;
			children = (
				60953A1FC968B4F29A9CA84F /* Singleton */,
				6095310F8B257A87A2591321 /* Builder */,
			);
			path = Classes;
			sourceTree = "<group>";
		};
/* End PBXGroup section */

/* Begin PBXNativeTarget section */
		A894561B22C2A85000AD36F3 /* OOP */ = {
			isa = PBXNativeTarget;
			buildConfigurationList = A894563222C2A85100AD36F3 /* Build configuration list for PBXNativeTarget "OOP" */;
			buildPhases = (
				A894561822C2A85000AD36F3 /* Sources */,
				A894561922C2A85000AD36F3 /* Frameworks */,
				A894561A22C2A85000AD36F3 /* Resources */,
			);
			buildRules = (
			);
			dependencies = (
			);
			name = OOP;
			productName = OOP;
			productReference = A894561C22C2A85000AD36F3 /* OOP.app */;
			productType = "com.apple.product-type.application";
		};
/* End PBXNativeTarget section */

/* Begin PBXProject section */
		A894561422C2A85000AD36F3 /* Project object */ = {
			isa = PBXProject;
			attributes = {
				LastUpgradeCheck = 1020;
				ORGANIZATIONNAME = none;
				TargetAttributes = {
					A894561B22C2A85000AD36F3 = {
						CreatedOnToolsVersion = 10.2.1;
					};
				};
			};
			buildConfigurationList = A894561722C2A85000AD36F3 /* Build configuration list for PBXProject "OOP" */;
			compatibilityVersion = "Xcode 9.3";
			developmentRegion = en;
			hasScannedForEncodings = 0;
			knownRegions = (
				en,
				Base,
			);
			mainGroup = A894561322C2A85000AD36F3;
			productRefGroup = A894561D22C2A85000AD36F3 /* Products */;
			projectDirPath = "";
			projectRoot = "";
			targets = (
				A894561B22C2A85000AD36F3 /* OOP */,
			);
		};
/* End PBXProject section */

/* Begin PBXResourcesBuildPhase section */
		A894561A22C2A85000AD36F3 /* Resources */ = {
			isa = PBXResourcesBuildPhase;
			buildActionMask = 2147483647;
			files = (
				A894562922C2A85100AD36F3 /* Assets.xcassets in Resources */,
				A894563922C2A8A000AD36F3 /* Default-568h@2x.png in Resources */,
				60953563A36919C57C7166EC /* MainViewController.xib in Resources */,
			);
			runOnlyForDeploymentPostprocessing = 0;
		};
/* End PBXResourcesBuildPhase section */

/* Begin PBXSourcesBuildPhase section */
		A894561822C2A85000AD36F3 /* Sources */ = {
			isa = PBXSourcesBuildPhase;
			buildActionMask = 2147483647;
			files = (
				A894562F22C2A85100AD36F3 /* main.m in Sources */,
				A894562122C2A85000AD36F3 /* AppDelegate.m in Sources */,
				60953FE01AC57D2F10F6C362 /* Handler.m in Sources */,
				609539B97F712A470FF9C52F /* Singleton.m in Sources */,
				6095334CC7B1E060A5752925 /* MainViewController.m in Sources */,
				609533FBC305FE2EC6B6D02A /* ObjectBuilder.m in Sources */,
				6095320C3FD4AEF25F40C282 /* ObjectInstance.m in Sources */,
			);
			runOnlyForDeploymentPostprocessing = 0;
		};
/* End PBXSourcesBuildPhase section */

/* Begin XCBuildConfiguration section */
		A894563022C2A85100AD36F3 /* Debug */ = {
			isa = XCBuildConfiguration;
			buildSettings = {
				ALWAYS_SEARCH_USER_PATHS = NO;
				CLANG_ANALYZER_NONNULL = YES;
				CLANG_ANALYZER_NUMBER_OBJECT_CONVERSION = YES_AGGRESSIVE;
				CLANG_CXX_LANGUAGE_STANDARD = "gnu++14";
				CLANG_CXX_LIBRARY = "libc++";
				CLANG_ENABLE_MODULES = YES;
				CLANG_ENABLE_OBJC_ARC = YES;
				CLANG_ENABLE_OBJC_WEAK = YES;
				CLANG_WARN_BLOCK_CAPTURE_AUTORELEASING = YES;
				CLANG_WARN_BOOL_CONVERSION = YES;
				CLANG_WARN_COMMA = YES;
				CLANG_WARN_CONSTANT_CONVERSION = YES;
				CLANG_WARN_DEPRECATED_OBJC_IMPLEMENTATIONS = YES;
				CLANG_WARN_DIRECT_OBJC_ISA_USAGE = YES_ERROR;
				CLANG_WARN_DOCUMENTATION_COMMENTS = YES;
				CLANG_WARN_EMPTY_BODY = YES;
				CLANG_WARN_ENUM_CONVERSION = YES;
				CLANG_WARN_INFINITE_RECURSION = YES;
				CLANG_WARN_INT_CONVERSION = YES;
				CLANG_WARN_NON_LITERAL_NULL_CONVERSION = YES;
				CLANG_WARN_OBJC_IMPLICIT_RETAIN_SELF = YES;
				CLANG_WARN_OBJC_LITERAL_CONVERSION = YES;
				CLANG_WARN_OBJC_ROOT_CLASS = YES_ERROR;
				CLANG_WARN_RANGE_LOOP_ANALYSIS = YES;
				CLANG_WARN_STRICT_PROTOTYPES = YES;
				CLANG_WARN_SUSPICIOUS_MOVE = YES;
				CLANG_WARN_UNGUARDED_AVAILABILITY = YES_AGGRESSIVE;
				CLANG_WARN_UNREACHABLE_CODE = YES;
				CLANG_WARN__DUPLICATE_METHOD_MATCH = YES;
				CODE_SIGN_IDENTITY = "iPhone Developer";
				COPY_PHASE_STRIP = NO;
				DEBUG_INFORMATION_FORMAT = dwarf;
				ENABLE_STRICT_OBJC_MSGSEND = YES;
				ENABLE_TESTABILITY = YES;
				GCC_C_LANGUAGE_STANDARD = gnu11;
				GCC_DYNAMIC_NO_PIC = NO;
				GCC_NO_COMMON_BLOCKS = YES;
				GCC_OPTIMIZATION_LEVEL = 0;
				GCC_PREPROCESSOR_DEFINITIONS = (
					"DEBUG=1",
					"$(inherited)",
				);
				GCC_WARN_64_TO_32_BIT_CONVERSION = YES;
				GCC_WARN_ABOUT_RETURN_TYPE = YES_ERROR;
				GCC_WARN_UNDECLARED_SELECTOR = YES;
				GCC_WARN_UNINITIALIZED_AUTOS = YES_AGGRESSIVE;
				GCC_WARN_UNUSED_FUNCTION = YES;
				GCC_WARN_UNUSED_VARIABLE = YES;
				IPHONEOS_DEPLOYMENT_TARGET = 12.2;
				MTL_ENABLE_DEBUG_INFO = INCLUDE_SOURCE;
				MTL_FAST_MATH = YES;
				ONLY_ACTIVE_ARCH = YES;
				SDKROOT = iphoneos;
			};
			name = Debug;
		};
		A894563122C2A85100AD36F3 /* Release */ = {
			isa = XCBuildConfiguration;
			buildSettings = {
				ALWAYS_SEARCH_USER_PATHS = NO;
				CLANG_ANALYZER_NONNULL = YES;
				CLANG_ANALYZER_NUMBER_OBJECT_CONVERSION = YES_AGGRESSIVE;
				CLANG_CXX_LANGUAGE_STANDARD = "gnu++14";
				CLANG_CXX_LIBRARY = "libc++";
				CLANG_ENABLE_MODULES = YES;
				CLANG_ENABLE_OBJC_ARC = YES;
				CLANG_ENABLE_OBJC_WEAK = YES;
				CLANG_WARN_BLOCK_CAPTURE_AUTORELEASING = YES;
				CLANG_WARN_BOOL_CONVERSION = YES;
				CLANG_WARN_COMMA = YES;
				CLANG_WARN_CONSTANT_CONVERSION = YES;
				CLANG_WARN_DEPRECATED_OBJC_IMPLEMENTATIONS = YES;
				CLANG_WARN_DIRECT_OBJC_ISA_USAGE = YES_ERROR;
				CLANG_WARN_DOCUMENTATION_COMMENTS = YES;
				CLANG_WARN_EMPTY_BODY = YES;
				CLANG_WARN_ENUM_CONVERSION = YES;
				CLANG_WARN_INFINITE_RECURSION = YES;
				CLANG_WARN_INT_CONVERSION = YES;
				CLANG_WARN_NON_LITERAL_NULL_CONVERSION = YES;
				CLANG_WARN_OBJC_IMPLICIT_RETAIN_SELF = YES;
				CLANG_WARN_OBJC_LITERAL_CONVERSION = YES;
				CLANG_WARN_OBJC_ROOT_CLASS = YES_ERROR;
				CLANG_WARN_RANGE_LOOP_ANALYSIS = YES;
				CLANG_WARN_STRICT_PROTOTYPES = YES;
				CLANG_WARN_SUSPICIOUS_MOVE = YES;
				CLANG_WARN_UNGUARDED_AVAILABILITY = YES_AGGRESSIVE;
				CLANG_WARN_UNREACHABLE_CODE = YES;
				CLANG_WARN__DUPLICATE_METHOD_MATCH = YES;
				CODE_SIGN_IDENTITY = "iPhone Developer";
				COPY_PHASE_STRIP = NO;
				DEBUG_INFORMATION_FORMAT = "dwarf-with-dsym";
				ENABLE_NS_ASSERTIONS = NO;
				ENABLE_STRICT_OBJC_MSGSEND = YES;
				GCC_C_LANGUAGE_STANDARD = gnu11;
				GCC_NO_COMMON_BLOCKS = YES;
				GCC_WARN_64_TO_32_BIT_CONVERSION = YES;
				GCC_WARN_ABOUT_RETURN_TYPE = YES_ERROR;
				GCC_WARN_UNDECLARED_SELECTOR = YES;
				GCC_WARN_UNINITIALIZED_AUTOS = YES_AGGRESSIVE;
				GCC_WARN_UNUSED_FUNCTION = YES;
				GCC_WARN_UNUSED_VARIABLE = YES;
				IPHONEOS_DEPLOYMENT_TARGET = 12.2;
				MTL_ENABLE_DEBUG_INFO = NO;
				MTL_FAST_MATH = YES;
				SDKROOT = iphoneos;
				VALIDATE_PRODUCT = YES;
			};
			name = Release;
		};
		A894563322C2A85100AD36F3 /* Debug */ = {
			isa = XCBuildConfiguration;
			buildSettings = {
				ASSETCATALOG_COMPILER_APPICON_NAME = AppIcon;
				CODE_SIGN_STYLE = Automatic;
				DEVELOPMENT_TEAM = 4KVLMRJ2PM;
				INFOPLIST_FILE = OOP/Info.plist;
				LD_RUNPATH_SEARCH_PATHS = (
					"$(inherited)",
					"@executable_path/Frameworks",
				);
				PRODUCT_BUNDLE_IDENTIFIER = "Objective-c.Study.OOP";
				PRODUCT_NAME = "$(TARGET_NAME)";
				TARGETED_DEVICE_FAMILY = "1,2";
			};
			name = Debug;
		};
		A894563422C2A85100AD36F3 /* Release */ = {
			isa = XCBuildConfiguration;
			buildSettings = {
				ASSETCATALOG_COMPILER_APPICON_NAME = AppIcon;
				CODE_SIGN_STYLE = Automatic;
				DEVELOPMENT_TEAM = 4KVLMRJ2PM;
				INFOPLIST_FILE = OOP/Info.plist;
				LD_RUNPATH_SEARCH_PATHS = (
					"$(inherited)",
					"@executable_path/Frameworks",
				);
				PRODUCT_BUNDLE_IDENTIFIER = "Objective-c.Study.OOP";
				PRODUCT_NAME = "$(TARGET_NAME)";
				TARGETED_DEVICE_FAMILY = "1,2";
			};
			name = Release;
		};
/* End XCBuildConfiguration section */

/* Begin XCConfigurationList section */
		A894561722C2A85000AD36F3 /* Build configuration list for PBXProject "OOP" */ = {
			isa = XCConfigurationList;
			buildConfigurations = (
				A894563022C2A85100AD36F3 /* Debug */,
				A894563122C2A85100AD36F3 /* Release */,
			);
			defaultConfigurationIsVisible = 0;
			defaultConfigurationName = Release;
		};
		A894563222C2A85100AD36F3 /* Build configuration list for PBXNativeTarget "OOP" */ = {
			isa = XCConfigurationList;
			buildConfigurations = (
				A894563322C2A85100AD36F3 /* Debug */,
				A894563422C2A85100AD36F3 /* Release */,
			);
			defaultConfigurationIsVisible = 0;
			defaultConfigurationName = Release;
		};
/* End XCConfigurationList section */
	};
	rootObject = A894561422C2A85000AD36F3 /* Project object */;
}
